// !$*UTF8*$!
{
	archiveVersion = 1;
	classes = {
	};
	objectVersion = 56;
	objects = {

/* Begin PBXBuildFile section */
		4A7ED6DD2BD58593002925A9 /* CoreDataStateStoreHelpers.swift in Sources */ = {isa = PBXBuildFile; fileRef = 4A7ED6DC2BD58593002925A9 /* CoreDataStateStoreHelpers.swift */; };
		4A7ED6DF2BD585BF002925A9 /* ManagedState.swift in Sources */ = {isa = PBXBuildFile; fileRef = 4A7ED6DE2BD585BF002925A9 /* ManagedState.swift */; };
		4A7ED6E12BD58727002925A9 /* StateCreator.swift in Sources */ = {isa = PBXBuildFile; fileRef = 4A7ED6E02BD58727002925A9 /* StateCreator.swift */; };
		4A7ED6E32BD5876A002925A9 /* StateLoader.swift in Sources */ = {isa = PBXBuildFile; fileRef = 4A7ED6E22BD5876A002925A9 /* StateLoader.swift */; };
		4A7ED6E52BD589FA002925A9 /* StoreSpy.swift in Sources */ = {isa = PBXBuildFile; fileRef = 4A7ED6E42BD589FA002925A9 /* StoreSpy.swift */; };
		4A7ED6E72BD58E9A002925A9 /* USAStates.swift in Sources */ = {isa = PBXBuildFile; fileRef = 4A7ED6E62BD58E9A002925A9 /* USAStates.swift */; };
		4A9624632BD5BBE300336B46 /* StateRemover.swift in Sources */ = {isa = PBXBuildFile; fileRef = 4A9624622BD5BBE300336B46 /* StateRemover.swift */; };
		4A97C6C22BD42E0700780643 /* StateFeatureUseCaseTests.swift in Sources */ = {isa = PBXBuildFile; fileRef = 4A97C6C12BD42E0700780643 /* StateFeatureUseCaseTests.swift */; };
		4A97C6C52BD43CD700780643 /* XCTestCase+MemoryLeakCheck.swift in Sources */ = {isa = PBXBuildFile; fileRef = 4A97C6C42BD43CD700780643 /* XCTestCase+MemoryLeakCheck.swift */; };
		4A97C6C72BD448BD00780643 /* StateStore.swift in Sources */ = {isa = PBXBuildFile; fileRef = 4A97C6C62BD448BD00780643 /* StateStore.swift */; };
		4A97C6C92BD448D200780643 /* StateFeatureUseCase.swift in Sources */ = {isa = PBXBuildFile; fileRef = 4A97C6C82BD448D200780643 /* StateFeatureUseCase.swift */; };
		4A97C6CB2BD448F700780643 /* State.swift in Sources */ = {isa = PBXBuildFile; fileRef = 4A97C6CA2BD448F700780643 /* State.swift */; };
		4A97C6D32BD4535100780643 /* CoreDataStateStoreTests.swift in Sources */ = {isa = PBXBuildFile; fileRef = 4A97C6D22BD4535100780643 /* CoreDataStateStoreTests.swift */; };
		4A97C6D62BD45D0B00780643 /* CoreDataStateStore.swift in Sources */ = {isa = PBXBuildFile; fileRef = 4A97C6D52BD45D0B00780643 /* CoreDataStateStore.swift */; };
		4A97C6DC2BD4631C00780643 /* PurchaseTransactions.xcdatamodeld in Sources */ = {isa = PBXBuildFile; fileRef = 4A97C6DA2BD4631C00780643 /* PurchaseTransactions.xcdatamodeld */; };
		4A97C6DF2BD4657F00780643 /* TestHelpers.swift in Sources */ = {isa = PBXBuildFile; fileRef = 4A97C6DE2BD4657F00780643 /* TestHelpers.swift */; };
		4AF9E2DF2BD41FED00D4CC11 /* ComprasUSACaseStudy.framework in Frameworks */ = {isa = PBXBuildFile; fileRef = 4AF9E2D62BD41FEC00D4CC11 /* ComprasUSACaseStudy.framework */; };
/* End PBXBuildFile section */

/* Begin PBXContainerItemProxy section */
		4AF9E2E02BD41FED00D4CC11 /* PBXContainerItemProxy */ = {
			isa = PBXContainerItemProxy;
			containerPortal = 4AF9E2CD2BD41FEC00D4CC11 /* Project object */;
			proxyType = 1;
			remoteGlobalIDString = 4AF9E2D52BD41FEC00D4CC11;
			remoteInfo = ComprasUSACaseStudy;
		};
/* End PBXContainerItemProxy section */

/* Begin PBXFileReference section */
		4A7ED6DC2BD58593002925A9 /* CoreDataStateStoreHelpers.swift */ = {isa = PBXFileReference; lastKnownFileType = sourcecode.swift; path = CoreDataStateStoreHelpers.swift; sourceTree = "<group>"; };
		4A7ED6DE2BD585BF002925A9 /* ManagedState.swift */ = {isa = PBXFileReference; lastKnownFileType = sourcecode.swift; path = ManagedState.swift; sourceTree = "<group>"; };
		4A7ED6E02BD58727002925A9 /* StateCreator.swift */ = {isa = PBXFileReference; lastKnownFileType = sourcecode.swift; path = StateCreator.swift; sourceTree = "<group>"; };
		4A7ED6E22BD5876A002925A9 /* StateLoader.swift */ = {isa = PBXFileReference; lastKnownFileType = sourcecode.swift; path = StateLoader.swift; sourceTree = "<group>"; };
		4A7ED6E42BD589FA002925A9 /* StoreSpy.swift */ = {isa = PBXFileReference; lastKnownFileType = sourcecode.swift; path = StoreSpy.swift; sourceTree = "<group>"; };
		4A7ED6E62BD58E9A002925A9 /* USAStates.swift */ = {isa = PBXFileReference; lastKnownFileType = sourcecode.swift; path = USAStates.swift; sourceTree = "<group>"; };
		4A9624622BD5BBE300336B46 /* StateRemover.swift */ = {isa = PBXFileReference; lastKnownFileType = sourcecode.swift; path = StateRemover.swift; sourceTree = "<group>"; };
		4A97C6C02BD42DC500780643 /* ComprasUSACaseStudy.xctestplan */ = {isa = PBXFileReference; lastKnownFileType = text; path = ComprasUSACaseStudy.xctestplan; sourceTree = "<group>"; };
		4A97C6C12BD42E0700780643 /* StateFeatureUseCaseTests.swift */ = {isa = PBXFileReference; lastKnownFileType = sourcecode.swift; path = StateFeatureUseCaseTests.swift; sourceTree = "<group>"; };
		4A97C6C42BD43CD700780643 /* XCTestCase+MemoryLeakCheck.swift */ = {isa = PBXFileReference; lastKnownFileType = sourcecode.swift; path = "XCTestCase+MemoryLeakCheck.swift"; sourceTree = "<group>"; };
		4A97C6C62BD448BD00780643 /* StateStore.swift */ = {isa = PBXFileReference; lastKnownFileType = sourcecode.swift; path = StateStore.swift; sourceTree = "<group>"; };
		4A97C6C82BD448D200780643 /* StateFeatureUseCase.swift */ = {isa = PBXFileReference; lastKnownFileType = sourcecode.swift; path = StateFeatureUseCase.swift; sourceTree = "<group>"; };
		4A97C6CA2BD448F700780643 /* State.swift */ = {isa = PBXFileReference; lastKnownFileType = sourcecode.swift; path = State.swift; sourceTree = "<group>"; };
		4A97C6D22BD4535100780643 /* CoreDataStateStoreTests.swift */ = {isa = PBXFileReference; lastKnownFileType = sourcecode.swift; path = CoreDataStateStoreTests.swift; sourceTree = "<group>"; };
		4A97C6D52BD45D0B00780643 /* CoreDataStateStore.swift */ = {isa = PBXFileReference; lastKnownFileType = sourcecode.swift; path = CoreDataStateStore.swift; sourceTree = "<group>"; };
		4A97C6DB2BD4631C00780643 /* Model.xcdatamodel */ = {isa = PBXFileReference; lastKnownFileType = wrapper.xcdatamodel; path = Model.xcdatamodel; sourceTree = "<group>"; };
		4A97C6DE2BD4657F00780643 /* TestHelpers.swift */ = {isa = PBXFileReference; lastKnownFileType = sourcecode.swift; path = TestHelpers.swift; sourceTree = "<group>"; };
		4AF9E2D62BD41FEC00D4CC11 /* ComprasUSACaseStudy.framework */ = {isa = PBXFileReference; explicitFileType = wrapper.framework; includeInIndex = 0; path = ComprasUSACaseStudy.framework; sourceTree = BUILT_PRODUCTS_DIR; };
		4AF9E2DE2BD41FED00D4CC11 /* ComprasUSACaseStudyTests.xctest */ = {isa = PBXFileReference; explicitFileType = wrapper.cfbundle; includeInIndex = 0; path = ComprasUSACaseStudyTests.xctest; sourceTree = BUILT_PRODUCTS_DIR; };
/* End PBXFileReference section */

/* Begin PBXFrameworksBuildPhase section */
		4AF9E2D32BD41FEC00D4CC11 /* Frameworks */ = {
			isa = PBXFrameworksBuildPhase;
			buildActionMask = 2147483647;
			files = (
			);
			runOnlyForDeploymentPostprocessing = 0;
		};
		4AF9E2DB2BD41FED00D4CC11 /* Frameworks */ = {
			isa = PBXFrameworksBuildPhase;
			buildActionMask = 2147483647;
			files = (
				4AF9E2DF2BD41FED00D4CC11 /* ComprasUSACaseStudy.framework in Frameworks */,
			);
			runOnlyForDeploymentPostprocessing = 0;
		};
/* End PBXFrameworksBuildPhase section */

/* Begin PBXGroup section */
		4A97C6C32BD43CC600780643 /* Helpers */ = {
			isa = PBXGroup;
			children = (
				4A97C6C42BD43CD700780643 /* XCTestCase+MemoryLeakCheck.swift */,
				4A97C6DE2BD4657F00780643 /* TestHelpers.swift */,
				4A7ED6E42BD589FA002925A9 /* StoreSpy.swift */,
			);
			path = Helpers;
			sourceTree = "<group>";
		};
		4A97C6CC2BD4495300780643 /* State Feature */ = {
			isa = PBXGroup;
			children = (
				4A97C6DD2BD4633A00780643 /* CoreData */,
				4A97C6C62BD448BD00780643 /* StateStore.swift */,
				4A97C6CA2BD448F700780643 /* State.swift */,
				4A97C6C82BD448D200780643 /* StateFeatureUseCase.swift */,
				4A7ED6E02BD58727002925A9 /* StateCreator.swift */,
				4A7ED6E22BD5876A002925A9 /* StateLoader.swift */,
				4A7ED6E62BD58E9A002925A9 /* USAStates.swift */,
				4A9624622BD5BBE300336B46 /* StateRemover.swift */,
			);
			path = "State Feature";
			sourceTree = "<group>";
		};
		4A97C6DD2BD4633A00780643 /* CoreData */ = {
			isa = PBXGroup;
			children = (
				4A97C6D52BD45D0B00780643 /* CoreDataStateStore.swift */,
				4A97C6DA2BD4631C00780643 /* PurchaseTransactions.xcdatamodeld */,
				4A7ED6DC2BD58593002925A9 /* CoreDataStateStoreHelpers.swift */,
				4A7ED6DE2BD585BF002925A9 /* ManagedState.swift */,
			);
			path = CoreData;
			sourceTree = "<group>";
		};
		4AF9E2CC2BD41FEC00D4CC11 = {
			isa = PBXGroup;
			children = (
				4AF9E2D82BD41FEC00D4CC11 /* ComprasUSACaseStudy */,
				4AF9E2E22BD41FED00D4CC11 /* ComprasUSACaseStudyTests */,
				4AF9E2D72BD41FEC00D4CC11 /* Products */,
			);
			sourceTree = "<group>";
		};
		4AF9E2D72BD41FEC00D4CC11 /* Products */ = {
			isa = PBXGroup;
			children = (
				4AF9E2D62BD41FEC00D4CC11 /* ComprasUSACaseStudy.framework */,
				4AF9E2DE2BD41FED00D4CC11 /* ComprasUSACaseStudyTests.xctest */,
			);
			name = Products;
			sourceTree = "<group>";
		};
		4AF9E2D82BD41FEC00D4CC11 /* ComprasUSACaseStudy */ = {
			isa = PBXGroup;
			children = (
				4A97C6CC2BD4495300780643 /* State Feature */,
			);
			path = ComprasUSACaseStudy;
			sourceTree = "<group>";
		};
		4AF9E2E22BD41FED00D4CC11 /* ComprasUSACaseStudyTests */ = {
			isa = PBXGroup;
			children = (
				4A97C6C32BD43CC600780643 /* Helpers */,
				4A97C6C02BD42DC500780643 /* ComprasUSACaseStudy.xctestplan */,
				4A97C6C12BD42E0700780643 /* StateFeatureUseCaseTests.swift */,
				4A97C6D22BD4535100780643 /* CoreDataStateStoreTests.swift */,
			);
			path = ComprasUSACaseStudyTests;
			sourceTree = "<group>";
		};
/* End PBXGroup section */

/* Begin PBXHeadersBuildPhase section */
		4AF9E2D12BD41FEC00D4CC11 /* Headers */ = {
			isa = PBXHeadersBuildPhase;
			buildActionMask = 2147483647;
			files = (
			);
			runOnlyForDeploymentPostprocessing = 0;
		};
/* End PBXHeadersBuildPhase section */

/* Begin PBXNativeTarget section */
		4AF9E2D52BD41FEC00D4CC11 /* ComprasUSACaseStudy */ = {
			isa = PBXNativeTarget;
			buildConfigurationList = 4AF9E2E82BD41FED00D4CC11 /* Build configuration list for PBXNativeTarget "ComprasUSACaseStudy" */;
			buildPhases = (
				4AF9E2D12BD41FEC00D4CC11 /* Headers */,
				4AF9E2D22BD41FEC00D4CC11 /* Sources */,
				4AF9E2D32BD41FEC00D4CC11 /* Frameworks */,
				4AF9E2D42BD41FEC00D4CC11 /* Resources */,
			);
			buildRules = (
			);
			dependencies = (
			);
			name = ComprasUSACaseStudy;
			productName = ComprasUSACaseStudy;
			productReference = 4AF9E2D62BD41FEC00D4CC11 /* ComprasUSACaseStudy.framework */;
			productType = "com.apple.product-type.framework";
		};
		4AF9E2DD2BD41FED00D4CC11 /* ComprasUSACaseStudyTests */ = {
			isa = PBXNativeTarget;
			buildConfigurationList = 4AF9E2EB2BD41FED00D4CC11 /* Build configuration list for PBXNativeTarget "ComprasUSACaseStudyTests" */;
			buildPhases = (
				4AF9E2DA2BD41FED00D4CC11 /* Sources */,
				4AF9E2DB2BD41FED00D4CC11 /* Frameworks */,
				4AF9E2DC2BD41FED00D4CC11 /* Resources */,
			);
			buildRules = (
			);
			dependencies = (
				4AF9E2E12BD41FED00D4CC11 /* PBXTargetDependency */,
			);
			name = ComprasUSACaseStudyTests;
			productName = ComprasUSACaseStudyTests;
			productReference = 4AF9E2DE2BD41FED00D4CC11 /* ComprasUSACaseStudyTests.xctest */;
			productType = "com.apple.product-type.bundle.unit-test";
		};
/* End PBXNativeTarget section */

/* Begin PBXProject section */
		4AF9E2CD2BD41FEC00D4CC11 /* Project object */ = {
			isa = PBXProject;
			attributes = {
				BuildIndependentTargetsInParallel = 1;
				LastSwiftUpdateCheck = 1520;
				LastUpgradeCheck = 1520;
				TargetAttributes = {
					4AF9E2D52BD41FEC00D4CC11 = {
						CreatedOnToolsVersion = 15.2;
						LastSwiftMigration = 1520;
					};
					4AF9E2DD2BD41FED00D4CC11 = {
						CreatedOnToolsVersion = 15.2;
						LastSwiftMigration = 1520;
					};
				};
			};
			buildConfigurationList = 4AF9E2D02BD41FEC00D4CC11 /* Build configuration list for PBXProject "ComprasUSACaseStudy" */;
			compatibilityVersion = "Xcode 14.0";
			developmentRegion = en;
			hasScannedForEncodings = 0;
			knownRegions = (
				en,
				Base,
			);
			mainGroup = 4AF9E2CC2BD41FEC00D4CC11;
			productRefGroup = 4AF9E2D72BD41FEC00D4CC11 /* Products */;
			projectDirPath = "";
			projectRoot = "";
			targets = (
				4AF9E2D52BD41FEC00D4CC11 /* ComprasUSACaseStudy */,
				4AF9E2DD2BD41FED00D4CC11 /* ComprasUSACaseStudyTests */,
			);
		};
/* End PBXProject section */

/* Begin PBXResourcesBuildPhase section */
		4AF9E2D42BD41FEC00D4CC11 /* Resources */ = {
			isa = PBXResourcesBuildPhase;
			buildActionMask = 2147483647;
			files = (
			);
			runOnlyForDeploymentPostprocessing = 0;
		};
		4AF9E2DC2BD41FED00D4CC11 /* Resources */ = {
			isa = PBXResourcesBuildPhase;
			buildActionMask = 2147483647;
			files = (
			);
			runOnlyForDeploymentPostprocessing = 0;
		};
/* End PBXResourcesBuildPhase section */

/* Begin PBXSourcesBuildPhase section */
		4AF9E2D22BD41FEC00D4CC11 /* Sources */ = {
			isa = PBXSourcesBuildPhase;
			buildActionMask = 2147483647;
			files = (
				4A97C6D62BD45D0B00780643 /* CoreDataStateStore.swift in Sources */,
				4A9624632BD5BBE300336B46 /* StateRemover.swift in Sources */,
				4A97C6C92BD448D200780643 /* StateFeatureUseCase.swift in Sources */,
				4A7ED6E12BD58727002925A9 /* StateCreator.swift in Sources */,
				4A7ED6DF2BD585BF002925A9 /* ManagedState.swift in Sources */,
				4A97C6DC2BD4631C00780643 /* PurchaseTransactions.xcdatamodeld in Sources */,
				4A7ED6E32BD5876A002925A9 /* StateLoader.swift in Sources */,
				4A97C6C72BD448BD00780643 /* StateStore.swift in Sources */,
				4A7ED6E72BD58E9A002925A9 /* USAStates.swift in Sources */,
				4A7ED6DD2BD58593002925A9 /* CoreDataStateStoreHelpers.swift in Sources */,
				4A97C6CB2BD448F700780643 /* State.swift in Sources */,
			);
			runOnlyForDeploymentPostprocessing = 0;
		};
		4AF9E2DA2BD41FED00D4CC11 /* Sources */ = {
			isa = PBXSourcesBuildPhase;
			buildActionMask = 2147483647;
			files = (
				4A7ED6E52BD589FA002925A9 /* StoreSpy.swift in Sources */,
				4A97C6C52BD43CD700780643 /* XCTestCase+MemoryLeakCheck.swift in Sources */,
				4A97C6C22BD42E0700780643 /* StateFeatureUseCaseTests.swift in Sources */,
				4A97C6D32BD4535100780643 /* CoreDataStateStoreTests.swift in Sources */,
				4A97C6DF2BD4657F00780643 /* TestHelpers.swift in Sources */,
			);
			runOnlyForDeploymentPostprocessing = 0;
		};
/* End PBXSourcesBuildPhase section */

/* Begin PBXTargetDependency section */
		4AF9E2E12BD41FED00D4CC11 /* PBXTargetDependency */ = {
			isa = PBXTargetDependency;
			target = 4AF9E2D52BD41FEC00D4CC11 /* ComprasUSACaseStudy */;
			targetProxy = 4AF9E2E02BD41FED00D4CC11 /* PBXContainerItemProxy */;
		};
/* End PBXTargetDependency section */

/* Begin XCBuildConfiguration section */
		4AF9E2E62BD41FED00D4CC11 /* Debug */ = {
			isa = XCBuildConfiguration;
			buildSettings = {
				ALWAYS_SEARCH_USER_PATHS = NO;
				ASSETCATALOG_COMPILER_GENERATE_SWIFT_ASSET_SYMBOL_EXTENSIONS = YES;
				CLANG_ANALYZER_NONNULL = YES;
				CLANG_ANALYZER_NUMBER_OBJECT_CONVERSION = YES_AGGRESSIVE;
				CLANG_CXX_LANGUAGE_STANDARD = "gnu++20";
				CLANG_ENABLE_MODULES = YES;
				CLANG_ENABLE_OBJC_ARC = YES;
				CLANG_ENABLE_OBJC_WEAK = YES;
				CLANG_WARN_BLOCK_CAPTURE_AUTORELEASING = YES;
				CLANG_WARN_BOOL_CONVERSION = YES;
				CLANG_WARN_COMMA = YES;
				CLANG_WARN_CONSTANT_CONVERSION = YES;
				CLANG_WARN_DEPRECATED_OBJC_IMPLEMENTATIONS = YES;
				CLANG_WARN_DIRECT_OBJC_ISA_USAGE = YES_ERROR;
				CLANG_WARN_DOCUMENTATION_COMMENTS = YES;
				CLANG_WARN_EMPTY_BODY = YES;
				CLANG_WARN_ENUM_CONVERSION = YES;
				CLANG_WARN_INFINITE_RECURSION = YES;
				CLANG_WARN_INT_CONVERSION = YES;
				CLANG_WARN_NON_LITERAL_NULL_CONVERSION = YES;
				CLANG_WARN_OBJC_IMPLICIT_RETAIN_SELF = YES;
				CLANG_WARN_OBJC_LITERAL_CONVERSION = YES;
				CLANG_WARN_OBJC_ROOT_CLASS = YES_ERROR;
				CLANG_WARN_QUOTED_INCLUDE_IN_FRAMEWORK_HEADER = YES;
				CLANG_WARN_RANGE_LOOP_ANALYSIS = YES;
				CLANG_WARN_STRICT_PROTOTYPES = YES;
				CLANG_WARN_SUSPICIOUS_MOVE = YES;
				CLANG_WARN_UNGUARDED_AVAILABILITY = YES_AGGRESSIVE;
				CLANG_WARN_UNREACHABLE_CODE = YES;
				CLANG_WARN__DUPLICATE_METHOD_MATCH = YES;
				COPY_PHASE_STRIP = NO;
				CURRENT_PROJECT_VERSION = 1;
				DEBUG_INFORMATION_FORMAT = dwarf;
				ENABLE_STRICT_OBJC_MSGSEND = YES;
				ENABLE_TESTABILITY = YES;
				ENABLE_USER_SCRIPT_SANDBOXING = YES;
				GCC_C_LANGUAGE_STANDARD = gnu17;
				GCC_DYNAMIC_NO_PIC = NO;
				GCC_NO_COMMON_BLOCKS = YES;
				GCC_OPTIMIZATION_LEVEL = 0;
				GCC_PREPROCESSOR_DEFINITIONS = (
					"DEBUG=1",
					"$(inherited)",
				);
				GCC_WARN_64_TO_32_BIT_CONVERSION = YES;
				GCC_WARN_ABOUT_RETURN_TYPE = YES_ERROR;
				GCC_WARN_UNDECLARED_SELECTOR = YES;
				GCC_WARN_UNINITIALIZED_AUTOS = YES_AGGRESSIVE;
				GCC_WARN_UNUSED_FUNCTION = YES;
				GCC_WARN_UNUSED_VARIABLE = YES;
				LOCALIZATION_PREFERS_STRING_CATALOGS = YES;
				MACOSX_DEPLOYMENT_TARGET = 14.2;
				MTL_ENABLE_DEBUG_INFO = INCLUDE_SOURCE;
				MTL_FAST_MATH = YES;
				ONLY_ACTIVE_ARCH = YES;
				SDKROOT = macosx;
				SWIFT_ACTIVE_COMPILATION_CONDITIONS = "DEBUG $(inherited)";
				SWIFT_OPTIMIZATION_LEVEL = "-Onone";
				VERSIONING_SYSTEM = "apple-generic";
				VERSION_INFO_PREFIX = "";
			};
			name = Debug;
		};
		4AF9E2E72BD41FED00D4CC11 /* Release */ = {
			isa = XCBuildConfiguration;
			buildSettings = {
				ALWAYS_SEARCH_USER_PATHS = NO;
				ASSETCATALOG_COMPILER_GENERATE_SWIFT_ASSET_SYMBOL_EXTENSIONS = YES;
				CLANG_ANALYZER_NONNULL = YES;
				CLANG_ANALYZER_NUMBER_OBJECT_CONVERSION = YES_AGGRESSIVE;
				CLANG_CXX_LANGUAGE_STANDARD = "gnu++20";
				CLANG_ENABLE_MODULES = YES;
				CLANG_ENABLE_OBJC_ARC = YES;
				CLANG_ENABLE_OBJC_WEAK = YES;
				CLANG_WARN_BLOCK_CAPTURE_AUTORELEASING = YES;
				CLANG_WARN_BOOL_CONVERSION = YES;
				CLANG_WARN_COMMA = YES;
				CLANG_WARN_CONSTANT_CONVERSION = YES;
				CLANG_WARN_DEPRECATED_OBJC_IMPLEMENTATIONS = YES;
				CLANG_WARN_DIRECT_OBJC_ISA_USAGE = YES_ERROR;
				CLANG_WARN_DOCUMENTATION_COMMENTS = YES;
				CLANG_WARN_EMPTY_BODY = YES;
				CLANG_WARN_ENUM_CONVERSION = YES;
				CLANG_WARN_INFINITE_RECURSION = YES;
				CLANG_WARN_INT_CONVERSION = YES;
				CLANG_WARN_NON_LITERAL_NULL_CONVERSION = YES;
				CLANG_WARN_OBJC_IMPLICIT_RETAIN_SELF = YES;
				CLANG_WARN_OBJC_LITERAL_CONVERSION = YES;
				CLANG_WARN_OBJC_ROOT_CLASS = YES_ERROR;
				CLANG_WARN_QUOTED_INCLUDE_IN_FRAMEWORK_HEADER = YES;
				CLANG_WARN_RANGE_LOOP_ANALYSIS = YES;
				CLANG_WARN_STRICT_PROTOTYPES = YES;
				CLANG_WARN_SUSPICIOUS_MOVE = YES;
				CLANG_WARN_UNGUARDED_AVAILABILITY = YES_AGGRESSIVE;
				CLANG_WARN_UNREACHABLE_CODE = YES;
				CLANG_WARN__DUPLICATE_METHOD_MATCH = YES;
				COPY_PHASE_STRIP = NO;
				CURRENT_PROJECT_VERSION = 1;
				DEBUG_INFORMATION_FORMAT = "dwarf-with-dsym";
				ENABLE_NS_ASSERTIONS = NO;
				ENABLE_STRICT_OBJC_MSGSEND = YES;
				ENABLE_USER_SCRIPT_SANDBOXING = YES;
				GCC_C_LANGUAGE_STANDARD = gnu17;
				GCC_NO_COMMON_BLOCKS = YES;
				GCC_WARN_64_TO_32_BIT_CONVERSION = YES;
				GCC_WARN_ABOUT_RETURN_TYPE = YES_ERROR;
				GCC_WARN_UNDECLARED_SELECTOR = YES;
				GCC_WARN_UNINITIALIZED_AUTOS = YES_AGGRESSIVE;
				GCC_WARN_UNUSED_FUNCTION = YES;
				GCC_WARN_UNUSED_VARIABLE = YES;
				LOCALIZATION_PREFERS_STRING_CATALOGS = YES;
				MACOSX_DEPLOYMENT_TARGET = 14.2;
				MTL_ENABLE_DEBUG_INFO = NO;
				MTL_FAST_MATH = YES;
				SDKROOT = macosx;
				SWIFT_COMPILATION_MODE = wholemodule;
				VERSIONING_SYSTEM = "apple-generic";
				VERSION_INFO_PREFIX = "";
			};
			name = Release;
		};
		4AF9E2E92BD41FED00D4CC11 /* Debug */ = {
			isa = XCBuildConfiguration;
			buildSettings = {
				CLANG_ENABLE_MODULES = YES;
				CODE_SIGN_STYLE = Automatic;
				COMBINE_HIDPI_IMAGES = YES;
				CURRENT_PROJECT_VERSION = 1;
				DEFINES_MODULE = YES;
				DYLIB_COMPATIBILITY_VERSION = 1;
				DYLIB_CURRENT_VERSION = 1;
				DYLIB_INSTALL_NAME_BASE = "@rpath";
				ENABLE_MODULE_VERIFIER = YES;
				GENERATE_INFOPLIST_FILE = YES;
				INFOPLIST_KEY_NSHumanReadableCopyright = "";
				INSTALL_PATH = "$(LOCAL_LIBRARY_DIR)/Frameworks";
				LD_RUNPATH_SEARCH_PATHS = (
					"$(inherited)",
					"@executable_path/../Frameworks",
					"@loader_path/Frameworks",
				);
				MARKETING_VERSION = 1.0;
				MODULE_VERIFIER_SUPPORTED_LANGUAGES = "objective-c objective-c++";
				MODULE_VERIFIER_SUPPORTED_LANGUAGE_STANDARDS = "gnu17 gnu++20";
				PRODUCT_BUNDLE_IDENTIFIER = com.marcosapostolo.ComprasUSACaseStudy;
				PRODUCT_NAME = "$(TARGET_NAME:c99extidentifier)";
				SKIP_INSTALL = YES;
				SWIFT_EMIT_LOC_STRINGS = YES;
				SWIFT_OPTIMIZATION_LEVEL = "-Onone";
				SWIFT_VERSION = 5.0;
			};
			name = Debug;
		};
		4AF9E2EA2BD41FED00D4CC11 /* Release */ = {
			isa = XCBuildConfiguration;
			buildSettings = {
				CLANG_ENABLE_MODULES = YES;
				CODE_SIGN_STYLE = Automatic;
				COMBINE_HIDPI_IMAGES = YES;
				CURRENT_PROJECT_VERSION = 1;
				DEFINES_MODULE = YES;
				DYLIB_COMPATIBILITY_VERSION = 1;
				DYLIB_CURRENT_VERSION = 1;
				DYLIB_INSTALL_NAME_BASE = "@rpath";
				ENABLE_MODULE_VERIFIER = YES;
				GENERATE_INFOPLIST_FILE = YES;
				INFOPLIST_KEY_NSHumanReadableCopyright = "";
				INSTALL_PATH = "$(LOCAL_LIBRARY_DIR)/Frameworks";
				LD_RUNPATH_SEARCH_PATHS = (
					"$(inherited)",
					"@executable_path/../Frameworks",
					"@loader_path/Frameworks",
				);
				MARKETING_VERSION = 1.0;
				MODULE_VERIFIER_SUPPORTED_LANGUAGES = "objective-c objective-c++";
				MODULE_VERIFIER_SUPPORTED_LANGUAGE_STANDARDS = "gnu17 gnu++20";
				PRODUCT_BUNDLE_IDENTIFIER = com.marcosapostolo.ComprasUSACaseStudy;
				PRODUCT_NAME = "$(TARGET_NAME:c99extidentifier)";
				SKIP_INSTALL = YES;
				SWIFT_EMIT_LOC_STRINGS = YES;
				SWIFT_VERSION = 5.0;
			};
			name = Release;
		};
		4AF9E2EC2BD41FED00D4CC11 /* Debug */ = {
			isa = XCBuildConfiguration;
			buildSettings = {
				ALWAYS_EMBED_SWIFT_STANDARD_LIBRARIES = YES;
				CLANG_ENABLE_MODULES = YES;
				CODE_SIGN_STYLE = Automatic;
				CURRENT_PROJECT_VERSION = 1;
				GENERATE_INFOPLIST_FILE = YES;
				MARKETING_VERSION = 1.0;
				PRODUCT_BUNDLE_IDENTIFIER = com.marcosapostolo.ComprasUSACaseStudyTests;
				PRODUCT_NAME = "$(TARGET_NAME)";
				SWIFT_EMIT_LOC_STRINGS = NO;
				SWIFT_OPTIMIZATION_LEVEL = "-Onone";
				SWIFT_VERSION = 5.0;
			};
			name = Debug;
		};
		4AF9E2ED2BD41FED00D4CC11 /* Release */ = {
			isa = XCBuildConfiguration;
			buildSettings = {
				ALWAYS_EMBED_SWIFT_STANDARD_LIBRARIES = YES;
				CLANG_ENABLE_MODULES = YES;
				CODE_SIGN_STYLE = Automatic;
				CURRENT_PROJECT_VERSION = 1;
				GENERATE_INFOPLIST_FILE = YES;
				MARKETING_VERSION = 1.0;
				PRODUCT_BUNDLE_IDENTIFIER = com.marcosapostolo.ComprasUSACaseStudyTests;
				PRODUCT_NAME = "$(TARGET_NAME)";
				SWIFT_EMIT_LOC_STRINGS = NO;
				SWIFT_VERSION = 5.0;
			};
			name = Release;
		};
/* End XCBuildConfiguration section */

/* Begin XCConfigurationList section */
		4AF9E2D02BD41FEC00D4CC11 /* Build configuration list for PBXProject "ComprasUSACaseStudy" */ = {
			isa = XCConfigurationList;
			buildConfigurations = (
				4AF9E2E62BD41FED00D4CC11 /* Debug */,
				4AF9E2E72BD41FED00D4CC11 /* Release */,
			);
			defaultConfigurationIsVisible = 0;
			defaultConfigurationName = Release;
		};
		4AF9E2E82BD41FED00D4CC11 /* Build configuration list for PBXNativeTarget "ComprasUSACaseStudy" */ = {
			isa = XCConfigurationList;
			buildConfigurations = (
				4AF9E2E92BD41FED00D4CC11 /* Debug */,
				4AF9E2EA2BD41FED00D4CC11 /* Release */,
			);
			defaultConfigurationIsVisible = 0;
			defaultConfigurationName = Release;
		};
		4AF9E2EB2BD41FED00D4CC11 /* Build configuration list for PBXNativeTarget "ComprasUSACaseStudyTests" */ = {
			isa = XCConfigurationList;
			buildConfigurations = (
				4AF9E2EC2BD41FED00D4CC11 /* Debug */,
				4AF9E2ED2BD41FED00D4CC11 /* Release */,
			);
			defaultConfigurationIsVisible = 0;
			defaultConfigurationName = Release;
		};
/* End XCConfigurationList section */

/* Begin XCVersionGroup section */
		4A97C6DA2BD4631C00780643 /* PurchaseTransactions.xcdatamodeld */ = {
			isa = XCVersionGroup;
			children = (
				4A97C6DB2BD4631C00780643 /* Model.xcdatamodel */,
			);
			currentVersion = 4A97C6DB2BD4631C00780643 /* Model.xcdatamodel */;
			path = PurchaseTransactions.xcdatamodeld;
			sourceTree = "<group>";
			versionGroupType = wrapper.xcdatamodel;
		};
/* End XCVersionGroup section */
	};
	rootObject = 4AF9E2CD2BD41FEC00D4CC11 /* Project object */;
}
