// !$*UTF8*$!
{
	archiveVersion = 1;
	classes = {
	};
	objectVersion = 56;
	objects = {

/* Begin PBXBuildFile section */
		4A1F6DCE2BD915100010FBB1 /* PurchaseLoader.swift in Sources */ = {isa = PBXBuildFile; fileRef = 4A1F6DCD2BD915100010FBB1 /* PurchaseLoader.swift */; };
		4A1F6DD02BD915260010FBB1 /* Purchase.swift in Sources */ = {isa = PBXBuildFile; fileRef = 4A1F6DCF2BD915260010FBB1 /* Purchase.swift */; };
		4A1F6DD22BD9154B0010FBB1 /* PaymentType.swift in Sources */ = {isa = PBXBuildFile; fileRef = 4A1F6DD12BD9154B0010FBB1 /* PaymentType.swift */; };
		4A2792D52BDAE9F700B616EC /* PurchaseCreator.swift in Sources */ = {isa = PBXBuildFile; fileRef = 4A2792D42BDAE9F700B616EC /* PurchaseCreator.swift */; };
		4A2792D72BDAEA0C00B616EC /* PurchaseRemover.swift in Sources */ = {isa = PBXBuildFile; fileRef = 4A2792D62BDAEA0C00B616EC /* PurchaseRemover.swift */; };
		4A2792D92BDAEA1B00B616EC /* PurchaseChanger.swift in Sources */ = {isa = PBXBuildFile; fileRef = 4A2792D82BDAEA1B00B616EC /* PurchaseChanger.swift */; };
		4A2792DC2BDAEA5800B616EC /* PurchaseStoreSpy.swift in Sources */ = {isa = PBXBuildFile; fileRef = 4A2792DB2BDAEA5800B616EC /* PurchaseStoreSpy.swift */; };
		4A7146842BDAF33800D202BE /* ComprasUSACaseStudy.framework in Frameworks */ = {isa = PBXBuildFile; fileRef = 4AF9E2D62BD41FEC00D4CC11 /* ComprasUSACaseStudy.framework */; };
		4A71468B2BDAF9BB00D202BE /* ComprasUSAFeaturesIntegrationTests.swift in Sources */ = {isa = PBXBuildFile; fileRef = 4A71468A2BDAF9BB00D202BE /* ComprasUSAFeaturesIntegrationTests.swift */; };
		4A71468C2BDAFAC000D202BE /* XCTestCase+MemoryLeakCheck.swift in Sources */ = {isa = PBXBuildFile; fileRef = 4A97C6C42BD43CD700780643 /* XCTestCase+MemoryLeakCheck.swift */; };
		4A71468E2BDAFBE400D202BE /* TestHelpers.swift in Sources */ = {isa = PBXBuildFile; fileRef = 4A97C6DE2BD4657F00780643 /* TestHelpers.swift */; };
		4A71469F2BDB24B300D202BE /* ComprasUSAiOS.framework in Frameworks */ = {isa = PBXBuildFile; fileRef = 4A7146972BDB24B300D202BE /* ComprasUSAiOS.framework */; };
		4A7146AE2BDB2A8100D202BE /* PurchasesListViewControllerIntegrationTests.swift in Sources */ = {isa = PBXBuildFile; fileRef = 4A7146AD2BDB2A8100D202BE /* PurchasesListViewControllerIntegrationTests.swift */; };
		4A7146AF2BDB2B7200D202BE /* XCTestCase+MemoryLeakCheck.swift in Sources */ = {isa = PBXBuildFile; fileRef = 4A97C6C42BD43CD700780643 /* XCTestCase+MemoryLeakCheck.swift */; };
		4A7146B22BDB2EC300D202BE /* PurchasesListViewController+Localized.swift in Sources */ = {isa = PBXBuildFile; fileRef = 4A7146B12BDB2EC300D202BE /* PurchasesListViewController+Localized.swift */; };
		4A7146B52BDB2EFE00D202BE /* PurchasesListViewController.swift in Sources */ = {isa = PBXBuildFile; fileRef = 4A7146B42BDB2EFE00D202BE /* PurchasesListViewController.swift */; };
		4A7146B72BDB2F8F00D202BE /* Purchase.xcstrings in Resources */ = {isa = PBXBuildFile; fileRef = 4A7146B62BDB2F8F00D202BE /* Purchase.xcstrings */; };
		4A7146B92BDB306600D202BE /* PurchasesLocalizationTests.swift in Sources */ = {isa = PBXBuildFile; fileRef = 4A7146B82BDB306600D202BE /* PurchasesLocalizationTests.swift */; };
		4A7146BC2BDB31CF00D202BE /* PurchasesListViewModel.swift in Sources */ = {isa = PBXBuildFile; fileRef = 4A7146BB2BDB31CF00D202BE /* PurchasesListViewModel.swift */; };
		4A7146BE2BDB330400D202BE /* PurchasesUIComposer.swift in Sources */ = {isa = PBXBuildFile; fileRef = 4A7146BD2BDB330400D202BE /* PurchasesUIComposer.swift */; };
		4A7ED6DD2BD58593002925A9 /* CoreDataStoreHelpers.swift in Sources */ = {isa = PBXBuildFile; fileRef = 4A7ED6DC2BD58593002925A9 /* CoreDataStoreHelpers.swift */; };
		4A7ED6DF2BD585BF002925A9 /* ManagedState.swift in Sources */ = {isa = PBXBuildFile; fileRef = 4A7ED6DE2BD585BF002925A9 /* ManagedState.swift */; };
		4A7ED6E12BD58727002925A9 /* StateCreator.swift in Sources */ = {isa = PBXBuildFile; fileRef = 4A7ED6E02BD58727002925A9 /* StateCreator.swift */; };
		4A7ED6E32BD5876A002925A9 /* StateLoader.swift in Sources */ = {isa = PBXBuildFile; fileRef = 4A7ED6E22BD5876A002925A9 /* StateLoader.swift */; };
		4A7ED6E52BD589FA002925A9 /* StateStoreSpy.swift in Sources */ = {isa = PBXBuildFile; fileRef = 4A7ED6E42BD589FA002925A9 /* StateStoreSpy.swift */; };
		4A7ED6E72BD58E9A002925A9 /* USAStates.swift in Sources */ = {isa = PBXBuildFile; fileRef = 4A7ED6E62BD58E9A002925A9 /* USAStates.swift */; };
		4A7FD9EF2BD7221F00E791F9 /* PurchaseStore.swift in Sources */ = {isa = PBXBuildFile; fileRef = 4A7FD9EE2BD7221F00E791F9 /* PurchaseStore.swift */; };
		4A7FD9F12BD7226600E791F9 /* LocalPurchase.swift in Sources */ = {isa = PBXBuildFile; fileRef = 4A7FD9F02BD7226600E791F9 /* LocalPurchase.swift */; };
		4A7FD9F32BD725AC00E791F9 /* ManagedPurchase.swift in Sources */ = {isa = PBXBuildFile; fileRef = 4A7FD9F22BD725AC00E791F9 /* ManagedPurchase.swift */; };
		4A9624632BD5BBE300336B46 /* StateRemover.swift in Sources */ = {isa = PBXBuildFile; fileRef = 4A9624622BD5BBE300336B46 /* StateRemover.swift */; };
		4A9624652BD5BF5600336B46 /* StateChanger.swift in Sources */ = {isa = PBXBuildFile; fileRef = 4A9624642BD5BF5600336B46 /* StateChanger.swift */; };
		4A9624672BD5C1CF00336B46 /* LocaState.swift in Sources */ = {isa = PBXBuildFile; fileRef = 4A9624662BD5C1CF00336B46 /* LocaState.swift */; };
		4A97C6C22BD42E0700780643 /* StateFeatureUseCaseTests.swift in Sources */ = {isa = PBXBuildFile; fileRef = 4A97C6C12BD42E0700780643 /* StateFeatureUseCaseTests.swift */; };
		4A97C6C52BD43CD700780643 /* XCTestCase+MemoryLeakCheck.swift in Sources */ = {isa = PBXBuildFile; fileRef = 4A97C6C42BD43CD700780643 /* XCTestCase+MemoryLeakCheck.swift */; };
		4A97C6C72BD448BD00780643 /* StateStore.swift in Sources */ = {isa = PBXBuildFile; fileRef = 4A97C6C62BD448BD00780643 /* StateStore.swift */; };
		4A97C6C92BD448D200780643 /* StateFeatureUseCase.swift in Sources */ = {isa = PBXBuildFile; fileRef = 4A97C6C82BD448D200780643 /* StateFeatureUseCase.swift */; };
		4A97C6CB2BD448F700780643 /* State.swift in Sources */ = {isa = PBXBuildFile; fileRef = 4A97C6CA2BD448F700780643 /* State.swift */; };
		4A97C6D32BD4535100780643 /* CoreDataStoreTests.swift in Sources */ = {isa = PBXBuildFile; fileRef = 4A97C6D22BD4535100780643 /* CoreDataStoreTests.swift */; };
		4A97C6D62BD45D0B00780643 /* CoreDataStore.swift in Sources */ = {isa = PBXBuildFile; fileRef = 4A97C6D52BD45D0B00780643 /* CoreDataStore.swift */; };
		4A97C6DC2BD4631C00780643 /* PurchaseTransactions.xcdatamodeld in Sources */ = {isa = PBXBuildFile; fileRef = 4A97C6DA2BD4631C00780643 /* PurchaseTransactions.xcdatamodeld */; };
		4A97C6DF2BD4657F00780643 /* TestHelpers.swift in Sources */ = {isa = PBXBuildFile; fileRef = 4A97C6DE2BD4657F00780643 /* TestHelpers.swift */; };
		4AA464462BD87ED90036B3DD /* PurchaseFeatureUseCaseTests.swift in Sources */ = {isa = PBXBuildFile; fileRef = 4AA464452BD87ED90036B3DD /* PurchaseFeatureUseCaseTests.swift */; };
		4AA464482BD87F070036B3DD /* PurchaseFeatureUseCase.swift in Sources */ = {isa = PBXBuildFile; fileRef = 4AA464472BD87F070036B3DD /* PurchaseFeatureUseCase.swift */; };
		4ABB4DF72BDD15C8009C2428 /* ComprasUSACaseStudy.framework in Frameworks */ = {isa = PBXBuildFile; fileRef = 4AF9E2D62BD41FEC00D4CC11 /* ComprasUSACaseStudy.framework */; };
		4ABB4DF82BDD15C8009C2428 /* ComprasUSACaseStudy.framework in Embed Frameworks */ = {isa = PBXBuildFile; fileRef = 4AF9E2D62BD41FEC00D4CC11 /* ComprasUSACaseStudy.framework */; settings = {ATTRIBUTES = (CodeSignOnCopy, RemoveHeadersOnCopy, ); }; };
		4AF9E2DF2BD41FED00D4CC11 /* ComprasUSACaseStudy.framework in Frameworks */ = {isa = PBXBuildFile; fileRef = 4AF9E2D62BD41FEC00D4CC11 /* ComprasUSACaseStudy.framework */; };
/* End PBXBuildFile section */

/* Begin PBXContainerItemProxy section */
		4A7146852BDAF33800D202BE /* PBXContainerItemProxy */ = {
			isa = PBXContainerItemProxy;
			containerPortal = 4AF9E2CD2BD41FEC00D4CC11 /* Project object */;
			proxyType = 1;
			remoteGlobalIDString = 4AF9E2D52BD41FEC00D4CC11;
			remoteInfo = ComprasUSACaseStudy;
		};
		4A7146A02BDB24B300D202BE /* PBXContainerItemProxy */ = {
			isa = PBXContainerItemProxy;
			containerPortal = 4AF9E2CD2BD41FEC00D4CC11 /* Project object */;
			proxyType = 1;
			remoteGlobalIDString = 4A7146962BDB24B300D202BE;
			remoteInfo = ComprasUSAiOS;
		};
		4ABB4DF92BDD15C8009C2428 /* PBXContainerItemProxy */ = {
			isa = PBXContainerItemProxy;
			containerPortal = 4AF9E2CD2BD41FEC00D4CC11 /* Project object */;
			proxyType = 1;
			remoteGlobalIDString = 4AF9E2D52BD41FEC00D4CC11;
			remoteInfo = ComprasUSACaseStudy;
		};
		4AF9E2E02BD41FED00D4CC11 /* PBXContainerItemProxy */ = {
			isa = PBXContainerItemProxy;
			containerPortal = 4AF9E2CD2BD41FEC00D4CC11 /* Project object */;
			proxyType = 1;
			remoteGlobalIDString = 4AF9E2D52BD41FEC00D4CC11;
			remoteInfo = ComprasUSACaseStudy;
		};
/* End PBXContainerItemProxy section */

/* Begin PBXCopyFilesBuildPhase section */
		4ABB4DFB2BDD15C8009C2428 /* Embed Frameworks */ = {
			isa = PBXCopyFilesBuildPhase;
			buildActionMask = 2147483647;
			dstPath = "";
			dstSubfolderSpec = 10;
			files = (
				4ABB4DF82BDD15C8009C2428 /* ComprasUSACaseStudy.framework in Embed Frameworks */,
			);
			name = "Embed Frameworks";
			runOnlyForDeploymentPostprocessing = 0;
		};
/* End PBXCopyFilesBuildPhase section */

/* Begin PBXFileReference section */
		4A1F6DCD2BD915100010FBB1 /* PurchaseLoader.swift */ = {isa = PBXFileReference; lastKnownFileType = sourcecode.swift; path = PurchaseLoader.swift; sourceTree = "<group>"; };
		4A1F6DCF2BD915260010FBB1 /* Purchase.swift */ = {isa = PBXFileReference; lastKnownFileType = sourcecode.swift; path = Purchase.swift; sourceTree = "<group>"; };
		4A1F6DD12BD9154B0010FBB1 /* PaymentType.swift */ = {isa = PBXFileReference; lastKnownFileType = sourcecode.swift; path = PaymentType.swift; sourceTree = "<group>"; };
		4A2792D42BDAE9F700B616EC /* PurchaseCreator.swift */ = {isa = PBXFileReference; lastKnownFileType = sourcecode.swift; path = PurchaseCreator.swift; sourceTree = "<group>"; };
		4A2792D62BDAEA0C00B616EC /* PurchaseRemover.swift */ = {isa = PBXFileReference; lastKnownFileType = sourcecode.swift; path = PurchaseRemover.swift; sourceTree = "<group>"; };
		4A2792D82BDAEA1B00B616EC /* PurchaseChanger.swift */ = {isa = PBXFileReference; lastKnownFileType = sourcecode.swift; path = PurchaseChanger.swift; sourceTree = "<group>"; };
		4A2792DB2BDAEA5800B616EC /* PurchaseStoreSpy.swift */ = {isa = PBXFileReference; lastKnownFileType = sourcecode.swift; path = PurchaseStoreSpy.swift; sourceTree = "<group>"; };
		4A7146802BDAF33800D202BE /* ComprasUSACaseStudyIntegrationTests.xctest */ = {isa = PBXFileReference; explicitFileType = wrapper.cfbundle; includeInIndex = 0; path = ComprasUSACaseStudyIntegrationTests.xctest; sourceTree = BUILT_PRODUCTS_DIR; };
		4A71468A2BDAF9BB00D202BE /* ComprasUSAFeaturesIntegrationTests.swift */ = {isa = PBXFileReference; lastKnownFileType = sourcecode.swift; path = ComprasUSAFeaturesIntegrationTests.swift; sourceTree = "<group>"; };
		4A71468D2BDAFB3500D202BE /* ComprasUSACaseStudyIntegrationTests.xctestplan */ = {isa = PBXFileReference; lastKnownFileType = text; path = ComprasUSACaseStudyIntegrationTests.xctestplan; sourceTree = "<group>"; };
		4A7146912BDB23CE00D202BE /* CI_MacOS.xctestplan */ = {isa = PBXFileReference; lastKnownFileType = text; path = CI_MacOS.xctestplan; sourceTree = "<group>"; };
		4A7146972BDB24B300D202BE /* ComprasUSAiOS.framework */ = {isa = PBXFileReference; explicitFileType = wrapper.framework; includeInIndex = 0; path = ComprasUSAiOS.framework; sourceTree = BUILT_PRODUCTS_DIR; };
		4A71469E2BDB24B300D202BE /* ComprasUSAiOSTests.xctest */ = {isa = PBXFileReference; explicitFileType = wrapper.cfbundle; includeInIndex = 0; path = ComprasUSAiOSTests.xctest; sourceTree = BUILT_PRODUCTS_DIR; };
		4A7146AC2BDB259500D202BE /* ComprasUSAiOS.xctestplan */ = {isa = PBXFileReference; lastKnownFileType = text; path = ComprasUSAiOS.xctestplan; sourceTree = "<group>"; };
		4A7146AD2BDB2A8100D202BE /* PurchasesListViewControllerIntegrationTests.swift */ = {isa = PBXFileReference; lastKnownFileType = sourcecode.swift; path = PurchasesListViewControllerIntegrationTests.swift; sourceTree = "<group>"; };
		4A7146B12BDB2EC300D202BE /* PurchasesListViewController+Localized.swift */ = {isa = PBXFileReference; lastKnownFileType = sourcecode.swift; path = "PurchasesListViewController+Localized.swift"; sourceTree = "<group>"; };
		4A7146B42BDB2EFE00D202BE /* PurchasesListViewController.swift */ = {isa = PBXFileReference; lastKnownFileType = sourcecode.swift; path = PurchasesListViewController.swift; sourceTree = "<group>"; };
		4A7146B62BDB2F8F00D202BE /* Purchase.xcstrings */ = {isa = PBXFileReference; lastKnownFileType = text.json.xcstrings; path = Purchase.xcstrings; sourceTree = "<group>"; };
		4A7146B82BDB306600D202BE /* PurchasesLocalizationTests.swift */ = {isa = PBXFileReference; lastKnownFileType = sourcecode.swift; path = PurchasesLocalizationTests.swift; sourceTree = "<group>"; };
		4A7146BB2BDB31CF00D202BE /* PurchasesListViewModel.swift */ = {isa = PBXFileReference; lastKnownFileType = sourcecode.swift; path = PurchasesListViewModel.swift; sourceTree = "<group>"; };
		4A7146BD2BDB330400D202BE /* PurchasesUIComposer.swift */ = {isa = PBXFileReference; lastKnownFileType = sourcecode.swift; path = PurchasesUIComposer.swift; sourceTree = "<group>"; };
		4A7ED6DC2BD58593002925A9 /* CoreDataStoreHelpers.swift */ = {isa = PBXFileReference; lastKnownFileType = sourcecode.swift; path = CoreDataStoreHelpers.swift; sourceTree = "<group>"; };
		4A7ED6DE2BD585BF002925A9 /* ManagedState.swift */ = {isa = PBXFileReference; lastKnownFileType = sourcecode.swift; path = ManagedState.swift; sourceTree = "<group>"; };
		4A7ED6E02BD58727002925A9 /* StateCreator.swift */ = {isa = PBXFileReference; lastKnownFileType = sourcecode.swift; path = StateCreator.swift; sourceTree = "<group>"; };
		4A7ED6E22BD5876A002925A9 /* StateLoader.swift */ = {isa = PBXFileReference; lastKnownFileType = sourcecode.swift; path = StateLoader.swift; sourceTree = "<group>"; };
		4A7ED6E42BD589FA002925A9 /* StateStoreSpy.swift */ = {isa = PBXFileReference; lastKnownFileType = sourcecode.swift; path = StateStoreSpy.swift; sourceTree = "<group>"; };
		4A7ED6E62BD58E9A002925A9 /* USAStates.swift */ = {isa = PBXFileReference; lastKnownFileType = sourcecode.swift; path = USAStates.swift; sourceTree = "<group>"; };
		4A7FD9EE2BD7221F00E791F9 /* PurchaseStore.swift */ = {isa = PBXFileReference; lastKnownFileType = sourcecode.swift; path = PurchaseStore.swift; sourceTree = "<group>"; };
		4A7FD9F02BD7226600E791F9 /* LocalPurchase.swift */ = {isa = PBXFileReference; lastKnownFileType = sourcecode.swift; path = LocalPurchase.swift; sourceTree = "<group>"; };
		4A7FD9F22BD725AC00E791F9 /* ManagedPurchase.swift */ = {isa = PBXFileReference; lastKnownFileType = sourcecode.swift; path = ManagedPurchase.swift; sourceTree = "<group>"; };
		4A9624622BD5BBE300336B46 /* StateRemover.swift */ = {isa = PBXFileReference; lastKnownFileType = sourcecode.swift; path = StateRemover.swift; sourceTree = "<group>"; };
		4A9624642BD5BF5600336B46 /* StateChanger.swift */ = {isa = PBXFileReference; lastKnownFileType = sourcecode.swift; path = StateChanger.swift; sourceTree = "<group>"; };
		4A9624662BD5C1CF00336B46 /* LocaState.swift */ = {isa = PBXFileReference; lastKnownFileType = sourcecode.swift; path = LocaState.swift; sourceTree = "<group>"; };
		4A97C6C02BD42DC500780643 /* ComprasUSACaseStudy.xctestplan */ = {isa = PBXFileReference; lastKnownFileType = text; path = ComprasUSACaseStudy.xctestplan; sourceTree = "<group>"; };
		4A97C6C12BD42E0700780643 /* StateFeatureUseCaseTests.swift */ = {isa = PBXFileReference; lastKnownFileType = sourcecode.swift; path = StateFeatureUseCaseTests.swift; sourceTree = "<group>"; };
		4A97C6C42BD43CD700780643 /* XCTestCase+MemoryLeakCheck.swift */ = {isa = PBXFileReference; lastKnownFileType = sourcecode.swift; path = "XCTestCase+MemoryLeakCheck.swift"; sourceTree = "<group>"; };
		4A97C6C62BD448BD00780643 /* StateStore.swift */ = {isa = PBXFileReference; lastKnownFileType = sourcecode.swift; path = StateStore.swift; sourceTree = "<group>"; };
		4A97C6C82BD448D200780643 /* StateFeatureUseCase.swift */ = {isa = PBXFileReference; lastKnownFileType = sourcecode.swift; path = StateFeatureUseCase.swift; sourceTree = "<group>"; };
		4A97C6CA2BD448F700780643 /* State.swift */ = {isa = PBXFileReference; lastKnownFileType = sourcecode.swift; path = State.swift; sourceTree = "<group>"; };
		4A97C6D22BD4535100780643 /* CoreDataStoreTests.swift */ = {isa = PBXFileReference; lastKnownFileType = sourcecode.swift; path = CoreDataStoreTests.swift; sourceTree = "<group>"; };
		4A97C6D52BD45D0B00780643 /* CoreDataStore.swift */ = {isa = PBXFileReference; lastKnownFileType = sourcecode.swift; path = CoreDataStore.swift; sourceTree = "<group>"; };
		4A97C6DB2BD4631C00780643 /* Model.xcdatamodel */ = {isa = PBXFileReference; lastKnownFileType = wrapper.xcdatamodel; path = Model.xcdatamodel; sourceTree = "<group>"; };
		4A97C6DE2BD4657F00780643 /* TestHelpers.swift */ = {isa = PBXFileReference; lastKnownFileType = sourcecode.swift; path = TestHelpers.swift; sourceTree = "<group>"; };
		4AA464452BD87ED90036B3DD /* PurchaseFeatureUseCaseTests.swift */ = {isa = PBXFileReference; lastKnownFileType = sourcecode.swift; path = PurchaseFeatureUseCaseTests.swift; sourceTree = "<group>"; };
		4AA464472BD87F070036B3DD /* PurchaseFeatureUseCase.swift */ = {isa = PBXFileReference; lastKnownFileType = sourcecode.swift; path = PurchaseFeatureUseCase.swift; sourceTree = "<group>"; };
		4AF9E2D62BD41FEC00D4CC11 /* ComprasUSACaseStudy.framework */ = {isa = PBXFileReference; explicitFileType = wrapper.framework; includeInIndex = 0; path = ComprasUSACaseStudy.framework; sourceTree = BUILT_PRODUCTS_DIR; };
		4AF9E2DE2BD41FED00D4CC11 /* ComprasUSACaseStudyTests.xctest */ = {isa = PBXFileReference; explicitFileType = wrapper.cfbundle; includeInIndex = 0; path = ComprasUSACaseStudyTests.xctest; sourceTree = BUILT_PRODUCTS_DIR; };
/* End PBXFileReference section */

/* Begin PBXFrameworksBuildPhase section */
		4A71467D2BDAF33800D202BE /* Frameworks */ = {
			isa = PBXFrameworksBuildPhase;
			buildActionMask = 2147483647;
			files = (
				4A7146842BDAF33800D202BE /* ComprasUSACaseStudy.framework in Frameworks */,
			);
			runOnlyForDeploymentPostprocessing = 0;
		};
		4A7146942BDB24B300D202BE /* Frameworks */ = {
			isa = PBXFrameworksBuildPhase;
			buildActionMask = 2147483647;
			files = (
				4ABB4DF72BDD15C8009C2428 /* ComprasUSACaseStudy.framework in Frameworks */,
			);
			runOnlyForDeploymentPostprocessing = 0;
		};
		4A71469B2BDB24B300D202BE /* Frameworks */ = {
			isa = PBXFrameworksBuildPhase;
			buildActionMask = 2147483647;
			files = (
				4A71469F2BDB24B300D202BE /* ComprasUSAiOS.framework in Frameworks */,
			);
			runOnlyForDeploymentPostprocessing = 0;
		};
		4AF9E2D32BD41FEC00D4CC11 /* Frameworks */ = {
			isa = PBXFrameworksBuildPhase;
			buildActionMask = 2147483647;
			files = (
			);
			runOnlyForDeploymentPostprocessing = 0;
		};
		4AF9E2DB2BD41FED00D4CC11 /* Frameworks */ = {
			isa = PBXFrameworksBuildPhase;
			buildActionMask = 2147483647;
			files = (
				4AF9E2DF2BD41FED00D4CC11 /* ComprasUSACaseStudy.framework in Frameworks */,
			);
			runOnlyForDeploymentPostprocessing = 0;
		};
/* End PBXFrameworksBuildPhase section */

/* Begin PBXGroup section */
		4A2792DA2BDAEA4D00B616EC /* Helpers */ = {
			isa = PBXGroup;
			children = (
				4A2792DB2BDAEA5800B616EC /* PurchaseStoreSpy.swift */,
			);
			path = Helpers;
			sourceTree = "<group>";
		};
		4A7146812BDAF33800D202BE /* ComprasUSACaseStudyIntegrationTests */ = {
			isa = PBXGroup;
			children = (
				4A71468D2BDAFB3500D202BE /* ComprasUSACaseStudyIntegrationTests.xctestplan */,
				4A71468A2BDAF9BB00D202BE /* ComprasUSAFeaturesIntegrationTests.swift */,
			);
			path = ComprasUSACaseStudyIntegrationTests;
			sourceTree = "<group>";
		};
		4A7146982BDB24B300D202BE /* ComprasUSAiOS */ = {
			isa = PBXGroup;
			children = (
				4A7146B32BDB2EF000D202BE /* Purchases */,
			);
			path = ComprasUSAiOS;
			sourceTree = "<group>";
		};
		4A7146A22BDB24B300D202BE /* ComprasUSAiOSTests */ = {
			isa = PBXGroup;
			children = (
				4A7146B02BDB2E9F00D202BE /* Helpers */,
				4A7146AC2BDB259500D202BE /* ComprasUSAiOS.xctestplan */,
				4A7146AD2BDB2A8100D202BE /* PurchasesListViewControllerIntegrationTests.swift */,
				4A7146B82BDB306600D202BE /* PurchasesLocalizationTests.swift */,
			);
			path = ComprasUSAiOSTests;
			sourceTree = "<group>";
		};
		4A7146B02BDB2E9F00D202BE /* Helpers */ = {
			isa = PBXGroup;
			children = (
				4A7146B12BDB2EC300D202BE /* PurchasesListViewController+Localized.swift */,
			);
			path = Helpers;
			sourceTree = "<group>";
		};
		4A7146B32BDB2EF000D202BE /* Purchases */ = {
			isa = PBXGroup;
			children = (
				4A7146B42BDB2EFE00D202BE /* PurchasesListViewController.swift */,
				4A7146BB2BDB31CF00D202BE /* PurchasesListViewModel.swift */,
				4A7146B62BDB2F8F00D202BE /* Purchase.xcstrings */,
				4A7146BD2BDB330400D202BE /* PurchasesUIComposer.swift */,
			);
			path = Purchases;
			sourceTree = "<group>";
		};
		4A7FD9ED2BD721F400E791F9 /* Store */ = {
			isa = PBXGroup;
			children = (
				4A97C6D52BD45D0B00780643 /* CoreDataStore.swift */,
				4A7ED6DC2BD58593002925A9 /* CoreDataStoreHelpers.swift */,
				4A97C6C62BD448BD00780643 /* StateStore.swift */,
				4A7FD9EE2BD7221F00E791F9 /* PurchaseStore.swift */,
			);
			path = Store;
			sourceTree = "<group>";
		};
		4A97C6C32BD43CC600780643 /* Helpers */ = {
			isa = PBXGroup;
			children = (
				4A97C6C42BD43CD700780643 /* XCTestCase+MemoryLeakCheck.swift */,
				4A97C6DE2BD4657F00780643 /* TestHelpers.swift */,
			);
			path = Helpers;
			sourceTree = "<group>";
		};
		4A97C6CC2BD4495300780643 /* State Feature */ = {
			isa = PBXGroup;
			children = (
				4A97C6CA2BD448F700780643 /* State.swift */,
				4A97C6C82BD448D200780643 /* StateFeatureUseCase.swift */,
				4A7ED6E02BD58727002925A9 /* StateCreator.swift */,
				4A7ED6E22BD5876A002925A9 /* StateLoader.swift */,
				4A9624622BD5BBE300336B46 /* StateRemover.swift */,
				4A9624642BD5BF5600336B46 /* StateChanger.swift */,
			);
			path = "State Feature";
			sourceTree = "<group>";
		};
		4A97C6DD2BD4633A00780643 /* CoreData */ = {
			isa = PBXGroup;
			children = (
				4A7FD9ED2BD721F400E791F9 /* Store */,
				4A97C6DA2BD4631C00780643 /* PurchaseTransactions.xcdatamodeld */,
				4A7ED6DE2BD585BF002925A9 /* ManagedState.swift */,
				4A9624662BD5C1CF00336B46 /* LocaState.swift */,
				4A7FD9F02BD7226600E791F9 /* LocalPurchase.swift */,
				4A7FD9F22BD725AC00E791F9 /* ManagedPurchase.swift */,
			);
			path = CoreData;
			sourceTree = "<group>";
		};
		4AA4644A2BD87F1C0036B3DD /* Purchase Feature */ = {
			isa = PBXGroup;
			children = (
				4AA464472BD87F070036B3DD /* PurchaseFeatureUseCase.swift */,
				4A1F6DCD2BD915100010FBB1 /* PurchaseLoader.swift */,
				4A1F6DCF2BD915260010FBB1 /* Purchase.swift */,
				4A1F6DD12BD9154B0010FBB1 /* PaymentType.swift */,
				4A2792D42BDAE9F700B616EC /* PurchaseCreator.swift */,
				4A2792D62BDAEA0C00B616EC /* PurchaseRemover.swift */,
				4A2792D82BDAEA1B00B616EC /* PurchaseChanger.swift */,
			);
			path = "Purchase Feature";
			sourceTree = "<group>";
		};
		4AA4644B2BD87F2F0036B3DD /* Infrastructure */ = {
			isa = PBXGroup;
			children = (
				4A97C6DD2BD4633A00780643 /* CoreData */,
			);
			path = Infrastructure;
			sourceTree = "<group>";
		};
		4AA4644C2BD87F430036B3DD /* Shared */ = {
			isa = PBXGroup;
			children = (
				4A7ED6E62BD58E9A002925A9 /* USAStates.swift */,
			);
			path = Shared;
			sourceTree = "<group>";
		};
		4AA4644D2BD886320036B3DD /* State Feature */ = {
			isa = PBXGroup;
			children = (
				4AA4644E2BD886410036B3DD /* Helpers */,
				4A97C6C12BD42E0700780643 /* StateFeatureUseCaseTests.swift */,
			);
			path = "State Feature";
			sourceTree = "<group>";
		};
		4AA4644E2BD886410036B3DD /* Helpers */ = {
			isa = PBXGroup;
			children = (
				4A7ED6E42BD589FA002925A9 /* StateStoreSpy.swift */,
			);
			path = Helpers;
			sourceTree = "<group>";
		};
		4AA4644F2BD886970036B3DD /* Purchase Feature */ = {
			isa = PBXGroup;
			children = (
				4A2792DA2BDAEA4D00B616EC /* Helpers */,
				4AA464452BD87ED90036B3DD /* PurchaseFeatureUseCaseTests.swift */,
			);
			path = "Purchase Feature";
			sourceTree = "<group>";
		};
		4AA464502BD886DA0036B3DD /* Infrastructure */ = {
			isa = PBXGroup;
			children = (
				4A97C6D22BD4535100780643 /* CoreDataStoreTests.swift */,
			);
			path = Infrastructure;
			sourceTree = "<group>";
		};
		4ABB4DF62BDD15C8009C2428 /* Frameworks */ = {
			isa = PBXGroup;
			children = (
			);
			name = Frameworks;
			sourceTree = "<group>";
		};
		4AF9E2CC2BD41FEC00D4CC11 = {
			isa = PBXGroup;
			children = (
				4A7146912BDB23CE00D202BE /* CI_MacOS.xctestplan */,
				4AF9E2D82BD41FEC00D4CC11 /* ComprasUSACaseStudy */,
				4AF9E2E22BD41FED00D4CC11 /* ComprasUSACaseStudyTests */,
				4A7146812BDAF33800D202BE /* ComprasUSACaseStudyIntegrationTests */,
				4A7146982BDB24B300D202BE /* ComprasUSAiOS */,
				4A7146A22BDB24B300D202BE /* ComprasUSAiOSTests */,
				4AF9E2D72BD41FEC00D4CC11 /* Products */,
				4ABB4DF62BDD15C8009C2428 /* Frameworks */,
			);
			sourceTree = "<group>";
		};
		4AF9E2D72BD41FEC00D4CC11 /* Products */ = {
			isa = PBXGroup;
			children = (
				4AF9E2D62BD41FEC00D4CC11 /* ComprasUSACaseStudy.framework */,
				4AF9E2DE2BD41FED00D4CC11 /* ComprasUSACaseStudyTests.xctest */,
				4A7146802BDAF33800D202BE /* ComprasUSACaseStudyIntegrationTests.xctest */,
				4A7146972BDB24B300D202BE /* ComprasUSAiOS.framework */,
				4A71469E2BDB24B300D202BE /* ComprasUSAiOSTests.xctest */,
			);
			name = Products;
			sourceTree = "<group>";
		};
		4AF9E2D82BD41FEC00D4CC11 /* ComprasUSACaseStudy */ = {
			isa = PBXGroup;
			children = (
				4AA4644C2BD87F430036B3DD /* Shared */,
				4AA4644B2BD87F2F0036B3DD /* Infrastructure */,
				4AA4644A2BD87F1C0036B3DD /* Purchase Feature */,
				4A97C6CC2BD4495300780643 /* State Feature */,
			);
			path = ComprasUSACaseStudy;
			sourceTree = "<group>";
		};
		4AF9E2E22BD41FED00D4CC11 /* ComprasUSACaseStudyTests */ = {
			isa = PBXGroup;
			children = (
				4AA464502BD886DA0036B3DD /* Infrastructure */,
				4A97C6C32BD43CC600780643 /* Helpers */,
				4AA4644D2BD886320036B3DD /* State Feature */,
				4AA4644F2BD886970036B3DD /* Purchase Feature */,
				4A97C6C02BD42DC500780643 /* ComprasUSACaseStudy.xctestplan */,
			);
			path = ComprasUSACaseStudyTests;
			sourceTree = "<group>";
		};
/* End PBXGroup section */

/* Begin PBXHeadersBuildPhase section */
		4A7146922BDB24B300D202BE /* Headers */ = {
			isa = PBXHeadersBuildPhase;
			buildActionMask = 2147483647;
			files = (
			);
			runOnlyForDeploymentPostprocessing = 0;
		};
		4AF9E2D12BD41FEC00D4CC11 /* Headers */ = {
			isa = PBXHeadersBuildPhase;
			buildActionMask = 2147483647;
			files = (
			);
			runOnlyForDeploymentPostprocessing = 0;
		};
/* End PBXHeadersBuildPhase section */

/* Begin PBXNativeTarget section */
		4A71467F2BDAF33800D202BE /* ComprasUSACaseStudyIntegrationTests */ = {
			isa = PBXNativeTarget;
			buildConfigurationList = 4A7146892BDAF33800D202BE /* Build configuration list for PBXNativeTarget "ComprasUSACaseStudyIntegrationTests" */;
			buildPhases = (
				4A71467C2BDAF33800D202BE /* Sources */,
				4A71467D2BDAF33800D202BE /* Frameworks */,
				4A71467E2BDAF33800D202BE /* Resources */,
			);
			buildRules = (
			);
			dependencies = (
				4A7146862BDAF33800D202BE /* PBXTargetDependency */,
			);
			name = ComprasUSACaseStudyIntegrationTests;
			productName = ComprasUSACaseStudyIntegrationTests;
			productReference = 4A7146802BDAF33800D202BE /* ComprasUSACaseStudyIntegrationTests.xctest */;
			productType = "com.apple.product-type.bundle.unit-test";
		};
		4A7146962BDB24B300D202BE /* ComprasUSAiOS */ = {
			isa = PBXNativeTarget;
			buildConfigurationList = 4A7146A62BDB24B300D202BE /* Build configuration list for PBXNativeTarget "ComprasUSAiOS" */;
			buildPhases = (
				4A7146922BDB24B300D202BE /* Headers */,
				4A7146932BDB24B300D202BE /* Sources */,
				4A7146942BDB24B300D202BE /* Frameworks */,
				4A7146952BDB24B300D202BE /* Resources */,
				4ABB4DFB2BDD15C8009C2428 /* Embed Frameworks */,
			);
			buildRules = (
			);
			dependencies = (
				4ABB4DFA2BDD15C8009C2428 /* PBXTargetDependency */,
			);
			name = ComprasUSAiOS;
			productName = ComprasUSAiOS;
			productReference = 4A7146972BDB24B300D202BE /* ComprasUSAiOS.framework */;
			productType = "com.apple.product-type.framework";
		};
		4A71469D2BDB24B300D202BE /* ComprasUSAiOSTests */ = {
			isa = PBXNativeTarget;
			buildConfigurationList = 4A7146A92BDB24B300D202BE /* Build configuration list for PBXNativeTarget "ComprasUSAiOSTests" */;
			buildPhases = (
				4A71469A2BDB24B300D202BE /* Sources */,
				4A71469B2BDB24B300D202BE /* Frameworks */,
				4A71469C2BDB24B300D202BE /* Resources */,
			);
			buildRules = (
			);
			dependencies = (
				4A7146A12BDB24B300D202BE /* PBXTargetDependency */,
			);
			name = ComprasUSAiOSTests;
			productName = ComprasUSAiOSTests;
			productReference = 4A71469E2BDB24B300D202BE /* ComprasUSAiOSTests.xctest */;
			productType = "com.apple.product-type.bundle.unit-test";
		};
		4AF9E2D52BD41FEC00D4CC11 /* ComprasUSACaseStudy */ = {
			isa = PBXNativeTarget;
			buildConfigurationList = 4AF9E2E82BD41FED00D4CC11 /* Build configuration list for PBXNativeTarget "ComprasUSACaseStudy" */;
			buildPhases = (
				4AF9E2D12BD41FEC00D4CC11 /* Headers */,
				4AF9E2D22BD41FEC00D4CC11 /* Sources */,
				4AF9E2D32BD41FEC00D4CC11 /* Frameworks */,
				4AF9E2D42BD41FEC00D4CC11 /* Resources */,
			);
			buildRules = (
			);
			dependencies = (
			);
			name = ComprasUSACaseStudy;
			productName = ComprasUSACaseStudy;
			productReference = 4AF9E2D62BD41FEC00D4CC11 /* ComprasUSACaseStudy.framework */;
			productType = "com.apple.product-type.framework";
		};
		4AF9E2DD2BD41FED00D4CC11 /* ComprasUSACaseStudyTests */ = {
			isa = PBXNativeTarget;
			buildConfigurationList = 4AF9E2EB2BD41FED00D4CC11 /* Build configuration list for PBXNativeTarget "ComprasUSACaseStudyTests" */;
			buildPhases = (
				4AF9E2DA2BD41FED00D4CC11 /* Sources */,
				4AF9E2DB2BD41FED00D4CC11 /* Frameworks */,
				4AF9E2DC2BD41FED00D4CC11 /* Resources */,
			);
			buildRules = (
			);
			dependencies = (
				4AF9E2E12BD41FED00D4CC11 /* PBXTargetDependency */,
			);
			name = ComprasUSACaseStudyTests;
			productName = ComprasUSACaseStudyTests;
			productReference = 4AF9E2DE2BD41FED00D4CC11 /* ComprasUSACaseStudyTests.xctest */;
			productType = "com.apple.product-type.bundle.unit-test";
		};
/* End PBXNativeTarget section */

/* Begin PBXProject section */
		4AF9E2CD2BD41FEC00D4CC11 /* Project object */ = {
			isa = PBXProject;
			attributes = {
				BuildIndependentTargetsInParallel = 1;
				LastSwiftUpdateCheck = 1520;
				LastUpgradeCheck = 1520;
				TargetAttributes = {
					4A71467F2BDAF33800D202BE = {
						CreatedOnToolsVersion = 15.2;
						LastSwiftMigration = 1520;
					};
					4A7146962BDB24B300D202BE = {
						CreatedOnToolsVersion = 15.2;
						LastSwiftMigration = 1520;
					};
					4A71469D2BDB24B300D202BE = {
						CreatedOnToolsVersion = 15.2;
						LastSwiftMigration = 1520;
					};
					4AF9E2D52BD41FEC00D4CC11 = {
						CreatedOnToolsVersion = 15.2;
						LastSwiftMigration = 1520;
					};
					4AF9E2DD2BD41FED00D4CC11 = {
						CreatedOnToolsVersion = 15.2;
						LastSwiftMigration = 1520;
					};
				};
			};
			buildConfigurationList = 4AF9E2D02BD41FEC00D4CC11 /* Build configuration list for PBXProject "ComprasUSACaseStudy" */;
			compatibilityVersion = "Xcode 14.0";
			developmentRegion = en;
			hasScannedForEncodings = 0;
			knownRegions = (
				en,
				Base,
				"pt-BR",
			);
			mainGroup = 4AF9E2CC2BD41FEC00D4CC11;
			productRefGroup = 4AF9E2D72BD41FEC00D4CC11 /* Products */;
			projectDirPath = "";
			projectRoot = "";
			targets = (
				4AF9E2D52BD41FEC00D4CC11 /* ComprasUSACaseStudy */,
				4A7146962BDB24B300D202BE /* ComprasUSAiOS */,
				4AF9E2DD2BD41FED00D4CC11 /* ComprasUSACaseStudyTests */,
				4A71467F2BDAF33800D202BE /* ComprasUSACaseStudyIntegrationTests */,
				4A71469D2BDB24B300D202BE /* ComprasUSAiOSTests */,
			);
		};
/* End PBXProject section */

/* Begin PBXResourcesBuildPhase section */
		4A71467E2BDAF33800D202BE /* Resources */ = {
			isa = PBXResourcesBuildPhase;
			buildActionMask = 2147483647;
			files = (
			);
			runOnlyForDeploymentPostprocessing = 0;
		};
		4A7146952BDB24B300D202BE /* Resources */ = {
			isa = PBXResourcesBuildPhase;
			buildActionMask = 2147483647;
			files = (
				4A7146B72BDB2F8F00D202BE /* Purchase.xcstrings in Resources */,
			);
			runOnlyForDeploymentPostprocessing = 0;
		};
		4A71469C2BDB24B300D202BE /* Resources */ = {
			isa = PBXResourcesBuildPhase;
			buildActionMask = 2147483647;
			files = (
			);
			runOnlyForDeploymentPostprocessing = 0;
		};
		4AF9E2D42BD41FEC00D4CC11 /* Resources */ = {
			isa = PBXResourcesBuildPhase;
			buildActionMask = 2147483647;
			files = (
			);
			runOnlyForDeploymentPostprocessing = 0;
		};
		4AF9E2DC2BD41FED00D4CC11 /* Resources */ = {
			isa = PBXResourcesBuildPhase;
			buildActionMask = 2147483647;
			files = (
			);
			runOnlyForDeploymentPostprocessing = 0;
		};
/* End PBXResourcesBuildPhase section */

/* Begin PBXSourcesBuildPhase section */
		4A71467C2BDAF33800D202BE /* Sources */ = {
			isa = PBXSourcesBuildPhase;
			buildActionMask = 2147483647;
			files = (
				4A71468C2BDAFAC000D202BE /* XCTestCase+MemoryLeakCheck.swift in Sources */,
				4A71468B2BDAF9BB00D202BE /* ComprasUSAFeaturesIntegrationTests.swift in Sources */,
				4A71468E2BDAFBE400D202BE /* TestHelpers.swift in Sources */,
			);
			runOnlyForDeploymentPostprocessing = 0;
		};
		4A7146932BDB24B300D202BE /* Sources */ = {
			isa = PBXSourcesBuildPhase;
			buildActionMask = 2147483647;
			files = (
				4A7146B52BDB2EFE00D202BE /* PurchasesListViewController.swift in Sources */,
				4A7146BC2BDB31CF00D202BE /* PurchasesListViewModel.swift in Sources */,
				4A7146BE2BDB330400D202BE /* PurchasesUIComposer.swift in Sources */,
			);
			runOnlyForDeploymentPostprocessing = 0;
		};
		4A71469A2BDB24B300D202BE /* Sources */ = {
			isa = PBXSourcesBuildPhase;
			buildActionMask = 2147483647;
			files = (
				4A7146B22BDB2EC300D202BE /* PurchasesListViewController+Localized.swift in Sources */,
				4A7146AF2BDB2B7200D202BE /* XCTestCase+MemoryLeakCheck.swift in Sources */,
				4A7146B92BDB306600D202BE /* PurchasesLocalizationTests.swift in Sources */,
				4A7146AE2BDB2A8100D202BE /* PurchasesListViewControllerIntegrationTests.swift in Sources */,
			);
			runOnlyForDeploymentPostprocessing = 0;
		};
		4AF9E2D22BD41FEC00D4CC11 /* Sources */ = {
			isa = PBXSourcesBuildPhase;
			buildActionMask = 2147483647;
			files = (
				4A97C6D62BD45D0B00780643 /* CoreDataStore.swift in Sources */,
				4A9624632BD5BBE300336B46 /* StateRemover.swift in Sources */,
				4A97C6C92BD448D200780643 /* StateFeatureUseCase.swift in Sources */,
				4A2792D52BDAE9F700B616EC /* PurchaseCreator.swift in Sources */,
				4A7ED6E12BD58727002925A9 /* StateCreator.swift in Sources */,
				4A7FD9EF2BD7221F00E791F9 /* PurchaseStore.swift in Sources */,
				4A7ED6DF2BD585BF002925A9 /* ManagedState.swift in Sources */,
				4A2792D92BDAEA1B00B616EC /* PurchaseChanger.swift in Sources */,
				4A7FD9F12BD7226600E791F9 /* LocalPurchase.swift in Sources */,
				4A97C6DC2BD4631C00780643 /* PurchaseTransactions.xcdatamodeld in Sources */,
				4A7FD9F32BD725AC00E791F9 /* ManagedPurchase.swift in Sources */,
				4A7ED6E32BD5876A002925A9 /* StateLoader.swift in Sources */,
				4A2792D72BDAEA0C00B616EC /* PurchaseRemover.swift in Sources */,
				4A97C6C72BD448BD00780643 /* StateStore.swift in Sources */,
				4A7ED6E72BD58E9A002925A9 /* USAStates.swift in Sources */,
				4A1F6DD22BD9154B0010FBB1 /* PaymentType.swift in Sources */,
				4A7ED6DD2BD58593002925A9 /* CoreDataStoreHelpers.swift in Sources */,
				4A1F6DCE2BD915100010FBB1 /* PurchaseLoader.swift in Sources */,
				4A9624652BD5BF5600336B46 /* StateChanger.swift in Sources */,
				4A9624672BD5C1CF00336B46 /* LocaState.swift in Sources */,
				4A97C6CB2BD448F700780643 /* State.swift in Sources */,
				4A1F6DD02BD915260010FBB1 /* Purchase.swift in Sources */,
				4AA464482BD87F070036B3DD /* PurchaseFeatureUseCase.swift in Sources */,
			);
			runOnlyForDeploymentPostprocessing = 0;
		};
		4AF9E2DA2BD41FED00D4CC11 /* Sources */ = {
			isa = PBXSourcesBuildPhase;
			buildActionMask = 2147483647;
			files = (
				4A7ED6E52BD589FA002925A9 /* StateStoreSpy.swift in Sources */,
				4A2792DC2BDAEA5800B616EC /* PurchaseStoreSpy.swift in Sources */,
				4A97C6C52BD43CD700780643 /* XCTestCase+MemoryLeakCheck.swift in Sources */,
				4A97C6C22BD42E0700780643 /* StateFeatureUseCaseTests.swift in Sources */,
				4A97C6D32BD4535100780643 /* CoreDataStoreTests.swift in Sources */,
				4A97C6DF2BD4657F00780643 /* TestHelpers.swift in Sources */,
				4AA464462BD87ED90036B3DD /* PurchaseFeatureUseCaseTests.swift in Sources */,
			);
			runOnlyForDeploymentPostprocessing = 0;
		};
/* End PBXSourcesBuildPhase section */

/* Begin PBXTargetDependency section */
		4A7146862BDAF33800D202BE /* PBXTargetDependency */ = {
			isa = PBXTargetDependency;
			target = 4AF9E2D52BD41FEC00D4CC11 /* ComprasUSACaseStudy */;
			targetProxy = 4A7146852BDAF33800D202BE /* PBXContainerItemProxy */;
		};
		4A7146A12BDB24B300D202BE /* PBXTargetDependency */ = {
			isa = PBXTargetDependency;
			target = 4A7146962BDB24B300D202BE /* ComprasUSAiOS */;
			targetProxy = 4A7146A02BDB24B300D202BE /* PBXContainerItemProxy */;
		};
		4ABB4DFA2BDD15C8009C2428 /* PBXTargetDependency */ = {
			isa = PBXTargetDependency;
			target = 4AF9E2D52BD41FEC00D4CC11 /* ComprasUSACaseStudy */;
			targetProxy = 4ABB4DF92BDD15C8009C2428 /* PBXContainerItemProxy */;
		};
		4AF9E2E12BD41FED00D4CC11 /* PBXTargetDependency */ = {
			isa = PBXTargetDependency;
			target = 4AF9E2D52BD41FEC00D4CC11 /* ComprasUSACaseStudy */;
			targetProxy = 4AF9E2E02BD41FED00D4CC11 /* PBXContainerItemProxy */;
		};
/* End PBXTargetDependency section */

/* Begin XCBuildConfiguration section */
		4A7146872BDAF33800D202BE /* Debug */ = {
			isa = XCBuildConfiguration;
			buildSettings = {
				CLANG_ENABLE_MODULES = YES;
				CODE_SIGN_STYLE = Automatic;
				CURRENT_PROJECT_VERSION = 1;
				GENERATE_INFOPLIST_FILE = YES;
				MARKETING_VERSION = 1.0;
				PRODUCT_BUNDLE_IDENTIFIER = com.marcosapostolo.ComprasUSACaseStudyIntegrationTests;
				PRODUCT_NAME = "$(TARGET_NAME)";
				SWIFT_EMIT_LOC_STRINGS = NO;
				SWIFT_OPTIMIZATION_LEVEL = "-Onone";
				SWIFT_VERSION = 5.0;
			};
			name = Debug;
		};
		4A7146882BDAF33800D202BE /* Release */ = {
			isa = XCBuildConfiguration;
			buildSettings = {
				CLANG_ENABLE_MODULES = YES;
				CODE_SIGN_STYLE = Automatic;
				CURRENT_PROJECT_VERSION = 1;
				GENERATE_INFOPLIST_FILE = YES;
				MARKETING_VERSION = 1.0;
				PRODUCT_BUNDLE_IDENTIFIER = com.marcosapostolo.ComprasUSACaseStudyIntegrationTests;
				PRODUCT_NAME = "$(TARGET_NAME)";
				SWIFT_EMIT_LOC_STRINGS = NO;
				SWIFT_VERSION = 5.0;
			};
			name = Release;
		};
		4A7146A72BDB24B300D202BE /* Debug */ = {
			isa = XCBuildConfiguration;
			buildSettings = {
				CLANG_ENABLE_MODULES = YES;
				CODE_SIGN_STYLE = Automatic;
				CURRENT_PROJECT_VERSION = 1;
				DEFINES_MODULE = YES;
				DYLIB_COMPATIBILITY_VERSION = 1;
				DYLIB_CURRENT_VERSION = 1;
				DYLIB_INSTALL_NAME_BASE = "@rpath";
				ENABLE_MODULE_VERIFIER = YES;
				GENERATE_INFOPLIST_FILE = YES;
				INFOPLIST_KEY_NSHumanReadableCopyright = "";
				INSTALL_PATH = "$(LOCAL_LIBRARY_DIR)/Frameworks";
				IPHONEOS_DEPLOYMENT_TARGET = 17.2;
				LD_RUNPATH_SEARCH_PATHS = (
					"$(inherited)",
					"@executable_path/Frameworks",
					"@loader_path/Frameworks",
				);
				MARKETING_VERSION = 1.0;
				MODULE_VERIFIER_SUPPORTED_LANGUAGES = "objective-c objective-c++";
				MODULE_VERIFIER_SUPPORTED_LANGUAGE_STANDARDS = "gnu17 gnu++20";
				PRODUCT_BUNDLE_IDENTIFIER = com.marcosapostolo.ComprasUSAiOS;
				PRODUCT_NAME = "$(TARGET_NAME:c99extidentifier)";
				SDKROOT = iphoneos;
				SKIP_INSTALL = YES;
				SUPPORTED_PLATFORMS = "iphoneos iphonesimulator";
				SUPPORTS_MACCATALYST = YES;
				SUPPORTS_XR_DESIGNED_FOR_IPHONE_IPAD = NO;
				SWIFT_EMIT_LOC_STRINGS = YES;
				SWIFT_OPTIMIZATION_LEVEL = "-Onone";
				SWIFT_VERSION = 5.0;
				TARGETED_DEVICE_FAMILY = "1,2";
			};
			name = Debug;
		};
		4A7146A82BDB24B300D202BE /* Release */ = {
			isa = XCBuildConfiguration;
			buildSettings = {
				CLANG_ENABLE_MODULES = YES;
				CODE_SIGN_STYLE = Automatic;
				CURRENT_PROJECT_VERSION = 1;
				DEFINES_MODULE = YES;
				DYLIB_COMPATIBILITY_VERSION = 1;
				DYLIB_CURRENT_VERSION = 1;
				DYLIB_INSTALL_NAME_BASE = "@rpath";
				ENABLE_MODULE_VERIFIER = YES;
				GENERATE_INFOPLIST_FILE = YES;
				INFOPLIST_KEY_NSHumanReadableCopyright = "";
				INSTALL_PATH = "$(LOCAL_LIBRARY_DIR)/Frameworks";
				IPHONEOS_DEPLOYMENT_TARGET = 17.2;
				LD_RUNPATH_SEARCH_PATHS = (
					"$(inherited)",
					"@executable_path/Frameworks",
					"@loader_path/Frameworks",
				);
				MARKETING_VERSION = 1.0;
				MODULE_VERIFIER_SUPPORTED_LANGUAGES = "objective-c objective-c++";
				MODULE_VERIFIER_SUPPORTED_LANGUAGE_STANDARDS = "gnu17 gnu++20";
				PRODUCT_BUNDLE_IDENTIFIER = com.marcosapostolo.ComprasUSAiOS;
				PRODUCT_NAME = "$(TARGET_NAME:c99extidentifier)";
				SDKROOT = iphoneos;
				SKIP_INSTALL = YES;
				SUPPORTED_PLATFORMS = "iphoneos iphonesimulator";
				SUPPORTS_MACCATALYST = YES;
				SUPPORTS_XR_DESIGNED_FOR_IPHONE_IPAD = NO;
				SWIFT_EMIT_LOC_STRINGS = YES;
				SWIFT_VERSION = 5.0;
				TARGETED_DEVICE_FAMILY = "1,2";
				VALIDATE_PRODUCT = YES;
			};
			name = Release;
		};
		4A7146AA2BDB24B300D202BE /* Debug */ = {
			isa = XCBuildConfiguration;
			buildSettings = {
				ALWAYS_EMBED_SWIFT_STANDARD_LIBRARIES = YES;
				CLANG_ENABLE_MODULES = YES;
				CODE_SIGN_STYLE = Automatic;
				CURRENT_PROJECT_VERSION = 1;
				GENERATE_INFOPLIST_FILE = YES;
				IPHONEOS_DEPLOYMENT_TARGET = 17.2;
				MARKETING_VERSION = 1.0;
				PRODUCT_BUNDLE_IDENTIFIER = com.marcosapostolo.ComprasUSAiOSTests;
				PRODUCT_NAME = "$(TARGET_NAME)";
				SDKROOT = iphoneos;
				SWIFT_EMIT_LOC_STRINGS = NO;
				SWIFT_OPTIMIZATION_LEVEL = "-Onone";
				SWIFT_VERSION = 5.0;
				TARGETED_DEVICE_FAMILY = "1,2";
			};
			name = Debug;
		};
		4A7146AB2BDB24B300D202BE /* Release */ = {
			isa = XCBuildConfiguration;
			buildSettings = {
				ALWAYS_EMBED_SWIFT_STANDARD_LIBRARIES = YES;
				CLANG_ENABLE_MODULES = YES;
				CODE_SIGN_STYLE = Automatic;
				CURRENT_PROJECT_VERSION = 1;
				GENERATE_INFOPLIST_FILE = YES;
				IPHONEOS_DEPLOYMENT_TARGET = 17.2;
				MARKETING_VERSION = 1.0;
				PRODUCT_BUNDLE_IDENTIFIER = com.marcosapostolo.ComprasUSAiOSTests;
				PRODUCT_NAME = "$(TARGET_NAME)";
				SDKROOT = iphoneos;
				SWIFT_EMIT_LOC_STRINGS = NO;
				SWIFT_VERSION = 5.0;
				TARGETED_DEVICE_FAMILY = "1,2";
				VALIDATE_PRODUCT = YES;
			};
			name = Release;
		};
		4AF9E2E62BD41FED00D4CC11 /* Debug */ = {
			isa = XCBuildConfiguration;
			buildSettings = {
				ALWAYS_SEARCH_USER_PATHS = NO;
				ASSETCATALOG_COMPILER_GENERATE_SWIFT_ASSET_SYMBOL_EXTENSIONS = YES;
				CLANG_ANALYZER_NONNULL = YES;
				CLANG_ANALYZER_NUMBER_OBJECT_CONVERSION = YES_AGGRESSIVE;
				CLANG_CXX_LANGUAGE_STANDARD = "gnu++20";
				CLANG_ENABLE_MODULES = YES;
				CLANG_ENABLE_OBJC_ARC = YES;
				CLANG_ENABLE_OBJC_WEAK = YES;
				CLANG_WARN_BLOCK_CAPTURE_AUTORELEASING = YES;
				CLANG_WARN_BOOL_CONVERSION = YES;
				CLANG_WARN_COMMA = YES;
				CLANG_WARN_CONSTANT_CONVERSION = YES;
				CLANG_WARN_DEPRECATED_OBJC_IMPLEMENTATIONS = YES;
				CLANG_WARN_DIRECT_OBJC_ISA_USAGE = YES_ERROR;
				CLANG_WARN_DOCUMENTATION_COMMENTS = YES;
				CLANG_WARN_EMPTY_BODY = YES;
				CLANG_WARN_ENUM_CONVERSION = YES;
				CLANG_WARN_INFINITE_RECURSION = YES;
				CLANG_WARN_INT_CONVERSION = YES;
				CLANG_WARN_NON_LITERAL_NULL_CONVERSION = YES;
				CLANG_WARN_OBJC_IMPLICIT_RETAIN_SELF = YES;
				CLANG_WARN_OBJC_LITERAL_CONVERSION = YES;
				CLANG_WARN_OBJC_ROOT_CLASS = YES_ERROR;
				CLANG_WARN_QUOTED_INCLUDE_IN_FRAMEWORK_HEADER = YES;
				CLANG_WARN_RANGE_LOOP_ANALYSIS = YES;
				CLANG_WARN_STRICT_PROTOTYPES = YES;
				CLANG_WARN_SUSPICIOUS_MOVE = YES;
				CLANG_WARN_UNGUARDED_AVAILABILITY = YES_AGGRESSIVE;
				CLANG_WARN_UNREACHABLE_CODE = YES;
				CLANG_WARN__DUPLICATE_METHOD_MATCH = YES;
				COPY_PHASE_STRIP = NO;
				CURRENT_PROJECT_VERSION = 1;
				DEBUG_INFORMATION_FORMAT = dwarf;
				ENABLE_STRICT_OBJC_MSGSEND = YES;
				ENABLE_TESTABILITY = YES;
				ENABLE_USER_SCRIPT_SANDBOXING = YES;
				GCC_C_LANGUAGE_STANDARD = gnu17;
				GCC_DYNAMIC_NO_PIC = NO;
				GCC_NO_COMMON_BLOCKS = YES;
				GCC_OPTIMIZATION_LEVEL = 0;
				GCC_PREPROCESSOR_DEFINITIONS = (
					"DEBUG=1",
					"$(inherited)",
				);
				GCC_WARN_64_TO_32_BIT_CONVERSION = YES;
				GCC_WARN_ABOUT_RETURN_TYPE = YES_ERROR;
				GCC_WARN_UNDECLARED_SELECTOR = YES;
				GCC_WARN_UNINITIALIZED_AUTOS = YES_AGGRESSIVE;
				GCC_WARN_UNUSED_FUNCTION = YES;
				GCC_WARN_UNUSED_VARIABLE = YES;
				LOCALIZATION_PREFERS_STRING_CATALOGS = YES;
				MACOSX_DEPLOYMENT_TARGET = 14.2;
				MTL_ENABLE_DEBUG_INFO = INCLUDE_SOURCE;
				MTL_FAST_MATH = YES;
				ONLY_ACTIVE_ARCH = YES;
				SDKROOT = macosx;
				SWIFT_ACTIVE_COMPILATION_CONDITIONS = "DEBUG $(inherited)";
				SWIFT_OPTIMIZATION_LEVEL = "-Onone";
				VERSIONING_SYSTEM = "apple-generic";
				VERSION_INFO_PREFIX = "";
			};
			name = Debug;
		};
		4AF9E2E72BD41FED00D4CC11 /* Release */ = {
			isa = XCBuildConfiguration;
			buildSettings = {
				ALWAYS_SEARCH_USER_PATHS = NO;
				ASSETCATALOG_COMPILER_GENERATE_SWIFT_ASSET_SYMBOL_EXTENSIONS = YES;
				CLANG_ANALYZER_NONNULL = YES;
				CLANG_ANALYZER_NUMBER_OBJECT_CONVERSION = YES_AGGRESSIVE;
				CLANG_CXX_LANGUAGE_STANDARD = "gnu++20";
				CLANG_ENABLE_MODULES = YES;
				CLANG_ENABLE_OBJC_ARC = YES;
				CLANG_ENABLE_OBJC_WEAK = YES;
				CLANG_WARN_BLOCK_CAPTURE_AUTORELEASING = YES;
				CLANG_WARN_BOOL_CONVERSION = YES;
				CLANG_WARN_COMMA = YES;
				CLANG_WARN_CONSTANT_CONVERSION = YES;
				CLANG_WARN_DEPRECATED_OBJC_IMPLEMENTATIONS = YES;
				CLANG_WARN_DIRECT_OBJC_ISA_USAGE = YES_ERROR;
				CLANG_WARN_DOCUMENTATION_COMMENTS = YES;
				CLANG_WARN_EMPTY_BODY = YES;
				CLANG_WARN_ENUM_CONVERSION = YES;
				CLANG_WARN_INFINITE_RECURSION = YES;
				CLANG_WARN_INT_CONVERSION = YES;
				CLANG_WARN_NON_LITERAL_NULL_CONVERSION = YES;
				CLANG_WARN_OBJC_IMPLICIT_RETAIN_SELF = YES;
				CLANG_WARN_OBJC_LITERAL_CONVERSION = YES;
				CLANG_WARN_OBJC_ROOT_CLASS = YES_ERROR;
				CLANG_WARN_QUOTED_INCLUDE_IN_FRAMEWORK_HEADER = YES;
				CLANG_WARN_RANGE_LOOP_ANALYSIS = YES;
				CLANG_WARN_STRICT_PROTOTYPES = YES;
				CLANG_WARN_SUSPICIOUS_MOVE = YES;
				CLANG_WARN_UNGUARDED_AVAILABILITY = YES_AGGRESSIVE;
				CLANG_WARN_UNREACHABLE_CODE = YES;
				CLANG_WARN__DUPLICATE_METHOD_MATCH = YES;
				COPY_PHASE_STRIP = NO;
				CURRENT_PROJECT_VERSION = 1;
				DEBUG_INFORMATION_FORMAT = "dwarf-with-dsym";
				ENABLE_NS_ASSERTIONS = NO;
				ENABLE_STRICT_OBJC_MSGSEND = YES;
				ENABLE_USER_SCRIPT_SANDBOXING = YES;
				GCC_C_LANGUAGE_STANDARD = gnu17;
				GCC_NO_COMMON_BLOCKS = YES;
				GCC_WARN_64_TO_32_BIT_CONVERSION = YES;
				GCC_WARN_ABOUT_RETURN_TYPE = YES_ERROR;
				GCC_WARN_UNDECLARED_SELECTOR = YES;
				GCC_WARN_UNINITIALIZED_AUTOS = YES_AGGRESSIVE;
				GCC_WARN_UNUSED_FUNCTION = YES;
				GCC_WARN_UNUSED_VARIABLE = YES;
				LOCALIZATION_PREFERS_STRING_CATALOGS = YES;
				MACOSX_DEPLOYMENT_TARGET = 14.2;
				MTL_ENABLE_DEBUG_INFO = NO;
				MTL_FAST_MATH = YES;
				SDKROOT = macosx;
				SWIFT_COMPILATION_MODE = wholemodule;
				VERSIONING_SYSTEM = "apple-generic";
				VERSION_INFO_PREFIX = "";
			};
			name = Release;
		};
		4AF9E2E92BD41FED00D4CC11 /* Debug */ = {
			isa = XCBuildConfiguration;
			buildSettings = {
				CLANG_ENABLE_MODULES = YES;
				CODE_SIGN_STYLE = Automatic;
				COMBINE_HIDPI_IMAGES = YES;
				CURRENT_PROJECT_VERSION = 1;
				DEFINES_MODULE = YES;
				DYLIB_COMPATIBILITY_VERSION = 1;
				DYLIB_CURRENT_VERSION = 1;
				DYLIB_INSTALL_NAME_BASE = "@rpath";
				ENABLE_MODULE_VERIFIER = YES;
				GENERATE_INFOPLIST_FILE = YES;
				INFOPLIST_KEY_NSHumanReadableCopyright = "";
				INSTALL_PATH = "$(LOCAL_LIBRARY_DIR)/Frameworks";
				LD_RUNPATH_SEARCH_PATHS = (
					"$(inherited)",
					"@executable_path/../Frameworks",
					"@loader_path/Frameworks",
				);
				MARKETING_VERSION = 1.0;
				MODULE_VERIFIER_SUPPORTED_LANGUAGES = "objective-c objective-c++";
				MODULE_VERIFIER_SUPPORTED_LANGUAGE_STANDARDS = "gnu17 gnu++20";
				PRODUCT_BUNDLE_IDENTIFIER = com.marcosapostolo.ComprasUSACaseStudy;
				PRODUCT_NAME = "$(TARGET_NAME:c99extidentifier)";
				SKIP_INSTALL = YES;
				SUPPORTED_PLATFORMS = "iphoneos macosx iphonesimulator";
				SUPPORTS_MACCATALYST = NO;
				SWIFT_EMIT_LOC_STRINGS = YES;
				SWIFT_OPTIMIZATION_LEVEL = "-Onone";
				SWIFT_VERSION = 5.0;
			};
			name = Debug;
		};
		4AF9E2EA2BD41FED00D4CC11 /* Release */ = {
			isa = XCBuildConfiguration;
			buildSettings = {
				CLANG_ENABLE_MODULES = YES;
				CODE_SIGN_STYLE = Automatic;
				COMBINE_HIDPI_IMAGES = YES;
				CURRENT_PROJECT_VERSION = 1;
				DEFINES_MODULE = YES;
				DYLIB_COMPATIBILITY_VERSION = 1;
				DYLIB_CURRENT_VERSION = 1;
				DYLIB_INSTALL_NAME_BASE = "@rpath";
				ENABLE_MODULE_VERIFIER = YES;
				GENERATE_INFOPLIST_FILE = YES;
				INFOPLIST_KEY_NSHumanReadableCopyright = "";
				INSTALL_PATH = "$(LOCAL_LIBRARY_DIR)/Frameworks";
				LD_RUNPATH_SEARCH_PATHS = (
					"$(inherited)",
					"@executable_path/../Frameworks",
					"@loader_path/Frameworks",
				);
				MARKETING_VERSION = 1.0;
				MODULE_VERIFIER_SUPPORTED_LANGUAGES = "objective-c objective-c++";
				MODULE_VERIFIER_SUPPORTED_LANGUAGE_STANDARDS = "gnu17 gnu++20";
				PRODUCT_BUNDLE_IDENTIFIER = com.marcosapostolo.ComprasUSACaseStudy;
				PRODUCT_NAME = "$(TARGET_NAME:c99extidentifier)";
				SKIP_INSTALL = YES;
				SUPPORTED_PLATFORMS = "iphoneos macosx iphonesimulator";
				SUPPORTS_MACCATALYST = NO;
				SWIFT_EMIT_LOC_STRINGS = YES;
				SWIFT_VERSION = 5.0;
			};
			name = Release;
		};
		4AF9E2EC2BD41FED00D4CC11 /* Debug */ = {
			isa = XCBuildConfiguration;
			buildSettings = {
				ALWAYS_EMBED_SWIFT_STANDARD_LIBRARIES = YES;
				CLANG_ENABLE_MODULES = YES;
				CODE_SIGN_STYLE = Automatic;
				CURRENT_PROJECT_VERSION = 1;
				GENERATE_INFOPLIST_FILE = YES;
				MARKETING_VERSION = 1.0;
				PRODUCT_BUNDLE_IDENTIFIER = com.marcosapostolo.ComprasUSACaseStudyTests;
				PRODUCT_NAME = "$(TARGET_NAME)";
				SWIFT_EMIT_LOC_STRINGS = NO;
				SWIFT_OPTIMIZATION_LEVEL = "-Onone";
				SWIFT_VERSION = 5.0;
			};
			name = Debug;
		};
		4AF9E2ED2BD41FED00D4CC11 /* Release */ = {
			isa = XCBuildConfiguration;
			buildSettings = {
				ALWAYS_EMBED_SWIFT_STANDARD_LIBRARIES = YES;
				CLANG_ENABLE_MODULES = YES;
				CODE_SIGN_STYLE = Automatic;
				CURRENT_PROJECT_VERSION = 1;
				GENERATE_INFOPLIST_FILE = YES;
				MARKETING_VERSION = 1.0;
				PRODUCT_BUNDLE_IDENTIFIER = com.marcosapostolo.ComprasUSACaseStudyTests;
				PRODUCT_NAME = "$(TARGET_NAME)";
				SWIFT_EMIT_LOC_STRINGS = NO;
				SWIFT_VERSION = 5.0;
			};
			name = Release;
		};
/* End XCBuildConfiguration section */

/* Begin XCConfigurationList section */
		4A7146892BDAF33800D202BE /* Build configuration list for PBXNativeTarget "ComprasUSACaseStudyIntegrationTests" */ = {
			isa = XCConfigurationList;
			buildConfigurations = (
				4A7146872BDAF33800D202BE /* Debug */,
				4A7146882BDAF33800D202BE /* Release */,
			);
			defaultConfigurationIsVisible = 0;
			defaultConfigurationName = Release;
		};
		4A7146A62BDB24B300D202BE /* Build configuration list for PBXNativeTarget "ComprasUSAiOS" */ = {
			isa = XCConfigurationList;
			buildConfigurations = (
				4A7146A72BDB24B300D202BE /* Debug */,
				4A7146A82BDB24B300D202BE /* Release */,
			);
			defaultConfigurationIsVisible = 0;
			defaultConfigurationName = Release;
		};
		4A7146A92BDB24B300D202BE /* Build configuration list for PBXNativeTarget "ComprasUSAiOSTests" */ = {
			isa = XCConfigurationList;
			buildConfigurations = (
				4A7146AA2BDB24B300D202BE /* Debug */,
				4A7146AB2BDB24B300D202BE /* Release */,
			);
			defaultConfigurationIsVisible = 0;
			defaultConfigurationName = Release;
		};
		4AF9E2D02BD41FEC00D4CC11 /* Build configuration list for PBXProject "ComprasUSACaseStudy" */ = {
			isa = XCConfigurationList;
			buildConfigurations = (
				4AF9E2E62BD41FED00D4CC11 /* Debug */,
				4AF9E2E72BD41FED00D4CC11 /* Release */,
			);
			defaultConfigurationIsVisible = 0;
			defaultConfigurationName = Release;
		};
		4AF9E2E82BD41FED00D4CC11 /* Build configuration list for PBXNativeTarget "ComprasUSACaseStudy" */ = {
			isa = XCConfigurationList;
			buildConfigurations = (
				4AF9E2E92BD41FED00D4CC11 /* Debug */,
				4AF9E2EA2BD41FED00D4CC11 /* Release */,
			);
			defaultConfigurationIsVisible = 0;
			defaultConfigurationName = Release;
		};
		4AF9E2EB2BD41FED00D4CC11 /* Build configuration list for PBXNativeTarget "ComprasUSACaseStudyTests" */ = {
			isa = XCConfigurationList;
			buildConfigurations = (
				4AF9E2EC2BD41FED00D4CC11 /* Debug */,
				4AF9E2ED2BD41FED00D4CC11 /* Release */,
			);
			defaultConfigurationIsVisible = 0;
			defaultConfigurationName = Release;
		};
/* End XCConfigurationList section */

/* Begin XCVersionGroup section */
		4A97C6DA2BD4631C00780643 /* PurchaseTransactions.xcdatamodeld */ = {
			isa = XCVersionGroup;
			children = (
				4A97C6DB2BD4631C00780643 /* Model.xcdatamodel */,
			);
			currentVersion = 4A97C6DB2BD4631C00780643 /* Model.xcdatamodel */;
			path = PurchaseTransactions.xcdatamodeld;
			sourceTree = "<group>";
			versionGroupType = wrapper.xcdatamodel;
		};
/* End XCVersionGroup section */
	};
	rootObject = 4AF9E2CD2BD41FEC00D4CC11 /* Project object */;
}
